// !$*UTF8*$!
{
	archiveVersion = 1;
	classes = {
	};
	objectVersion = 46;
	objects = {

/* Begin PBXBuildFile section */
		BA8169511E81A98A00AAF7A3 /* AppDelegate.swift in Sources */ = {isa = PBXBuildFile; fileRef = BA8169501E81A98A00AAF7A3 /* AppDelegate.swift */; };
		BA8169531E81A98A00AAF7A3 /* ViewController.swift in Sources */ = {isa = PBXBuildFile; fileRef = BA8169521E81A98A00AAF7A3 /* ViewController.swift */; };
		BA8169561E81A98A00AAF7A3 /* Main.storyboard in Resources */ = {isa = PBXBuildFile; fileRef = BA8169541E81A98A00AAF7A3 /* Main.storyboard */; };
		BA8169581E81A98A00AAF7A3 /* Assets.xcassets in Resources */ = {isa = PBXBuildFile; fileRef = BA8169571E81A98A00AAF7A3 /* Assets.xcassets */; };
		BA81695B1E81A98A00AAF7A3 /* LaunchScreen.storyboard in Resources */ = {isa = PBXBuildFile; fileRef = BA8169591E81A98A00AAF7A3 /* LaunchScreen.storyboard */; };
		BA8169641E81AEB400AAF7A3 /* MainServer.swift in Sources */ = {isa = PBXBuildFile; fileRef = BA8169631E81AEB400AAF7A3 /* MainServer.swift */; };
		BA8169681E81B72D00AAF7A3 /* FrontendRequests.swift in Sources */ = {isa = PBXBuildFile; fileRef = BA8169671E81B72D00AAF7A3 /* FrontendRequests.swift */; };
		BA81696B1E81B7BC00AAF7A3 /* DocumentManager.swift in Sources */ = {isa = PBXBuildFile; fileRef = BA81696A1E81B7BC00AAF7A3 /* DocumentManager.swift */; };
		BA81696D1E81BC3F00AAF7A3 /* StringExtensions.swift in Sources */ = {isa = PBXBuildFile; fileRef = BA81696C1E81BC3F00AAF7A3 /* StringExtensions.swift */; };
		BA81696E1E81CFBE00AAF7A3 /* Frontend in Resources */ = {isa = PBXBuildFile; fileRef = BA8169651E81B17600AAF7A3 /* Frontend */; };
		BA8A75911EA7192000ECFABC /* FlutterRequests.swift in Sources */ = {isa = PBXBuildFile; fileRef = BA8A75901EA7192000ECFABC /* FlutterRequests.swift */; };
		BAE1FDA01E920A6600304BEE /* SharedUtilities.swift in Sources */ = {isa = PBXBuildFile; fileRef = BAE1FD9F1E920A6600304BEE /* SharedUtilities.swift */; };
		BAE1FDA21E920A7500304BEE /* HummingbirdUtilities.swift in Sources */ = {isa = PBXBuildFile; fileRef = BAE1FDA11E920A7500304BEE /* HummingbirdUtilities.swift */; };
		BAE1FDA41E920A8D00304BEE /* FlutterUtilities.swift in Sources */ = {isa = PBXBuildFile; fileRef = BAE1FDA31E920A8D00304BEE /* FlutterUtilities.swift */; };
		BAE2EBCF1E84417000198B19 /* BLECentralManager.swift in Sources */ = {isa = PBXBuildFile; fileRef = BAE2EBCE1E84417000198B19 /* BLECentralManager.swift */; };
		BAE2EBD11E8443CF00198B19 /* HummingbirdPeripheral.swift in Sources */ = {isa = PBXBuildFile; fileRef = BAE2EBD01E8443CF00198B19 /* HummingbirdPeripheral.swift */; };
		BAE2EBD31E8451ED00198B19 /* FlutterPeripheral.swift in Sources */ = {isa = PBXBuildFile; fileRef = BAE2EBD21E8451ED00198B19 /* FlutterPeripheral.swift */; };
		BAE2EBD51E84550900198B19 /* HummingbirdRequests.swift in Sources */ = {isa = PBXBuildFile; fileRef = BAE2EBD41E84550900198B19 /* HummingbirdRequests.swift */; };
		DB4B601313BCF127ED80CC5E /* Pods_BirdBlox.framework in Frameworks */ = {isa = PBXBuildFile; fileRef = 4B9CF54964A1E1D488464E38 /* Pods_BirdBlox.framework */; };
/* End PBXBuildFile section */

/* Begin PBXFileReference section */
		1CBEFB40603958D76A5BFE44 /* Pods-BirdBlox.release.xcconfig */ = {isa = PBXFileReference; includeInIndex = 1; lastKnownFileType = text.xcconfig; name = "Pods-BirdBlox.release.xcconfig"; path = "Pods/Target Support Files/Pods-BirdBlox/Pods-BirdBlox.release.xcconfig"; sourceTree = "<group>"; };
		4B9CF54964A1E1D488464E38 /* Pods_BirdBlox.framework */ = {isa = PBXFileReference; explicitFileType = wrapper.framework; includeInIndex = 0; path = Pods_BirdBlox.framework; sourceTree = BUILT_PRODUCTS_DIR; };
		BA81694D1E81A98A00AAF7A3 /* BirdBlox.app */ = {isa = PBXFileReference; explicitFileType = wrapper.application; includeInIndex = 0; path = BirdBlox.app; sourceTree = BUILT_PRODUCTS_DIR; };
		BA8169501E81A98A00AAF7A3 /* AppDelegate.swift */ = {isa = PBXFileReference; lastKnownFileType = sourcecode.swift; path = AppDelegate.swift; sourceTree = "<group>"; };
		BA8169521E81A98A00AAF7A3 /* ViewController.swift */ = {isa = PBXFileReference; lastKnownFileType = sourcecode.swift; path = ViewController.swift; sourceTree = "<group>"; };
		BA8169551E81A98A00AAF7A3 /* Base */ = {isa = PBXFileReference; lastKnownFileType = file.storyboard; name = Base; path = Base.lproj/Main.storyboard; sourceTree = "<group>"; };
		BA8169571E81A98A00AAF7A3 /* Assets.xcassets */ = {isa = PBXFileReference; lastKnownFileType = folder.assetcatalog; path = Assets.xcassets; sourceTree = "<group>"; };
		BA81695A1E81A98A00AAF7A3 /* Base */ = {isa = PBXFileReference; lastKnownFileType = file.storyboard; name = Base; path = Base.lproj/LaunchScreen.storyboard; sourceTree = "<group>"; };
		BA81695C1E81A98A00AAF7A3 /* Info.plist */ = {isa = PBXFileReference; lastKnownFileType = text.plist.xml; path = Info.plist; sourceTree = "<group>"; };
		BA8169631E81AEB400AAF7A3 /* MainServer.swift */ = {isa = PBXFileReference; fileEncoding = 4; lastKnownFileType = sourcecode.swift; path = MainServer.swift; sourceTree = "<group>"; };
		BA8169651E81B17600AAF7A3 /* Frontend */ = {isa = PBXFileReference; lastKnownFileType = folder; path = Frontend; sourceTree = "<group>"; };
		BA8169671E81B72D00AAF7A3 /* FrontendRequests.swift */ = {isa = PBXFileReference; fileEncoding = 4; lastKnownFileType = sourcecode.swift; path = FrontendRequests.swift; sourceTree = "<group>"; };
		BA81696A1E81B7BC00AAF7A3 /* DocumentManager.swift */ = {isa = PBXFileReference; fileEncoding = 4; lastKnownFileType = sourcecode.swift; path = DocumentManager.swift; sourceTree = "<group>"; };
		BA81696C1E81BC3F00AAF7A3 /* StringExtensions.swift */ = {isa = PBXFileReference; fileEncoding = 4; lastKnownFileType = sourcecode.swift; path = StringExtensions.swift; sourceTree = "<group>"; };
		BA8A75901EA7192000ECFABC /* FlutterRequests.swift */ = {isa = PBXFileReference; fileEncoding = 4; lastKnownFileType = sourcecode.swift; path = FlutterRequests.swift; sourceTree = "<group>"; };
		BAE1FD9F1E920A6600304BEE /* SharedUtilities.swift */ = {isa = PBXFileReference; fileEncoding = 4; lastKnownFileType = sourcecode.swift; path = SharedUtilities.swift; sourceTree = "<group>"; };
		BAE1FDA11E920A7500304BEE /* HummingbirdUtilities.swift */ = {isa = PBXFileReference; fileEncoding = 4; lastKnownFileType = sourcecode.swift; path = HummingbirdUtilities.swift; sourceTree = "<group>"; };
		BAE1FDA31E920A8D00304BEE /* FlutterUtilities.swift */ = {isa = PBXFileReference; fileEncoding = 4; lastKnownFileType = sourcecode.swift; path = FlutterUtilities.swift; sourceTree = "<group>"; };
		BAE2EBCE1E84417000198B19 /* BLECentralManager.swift */ = {isa = PBXFileReference; fileEncoding = 4; lastKnownFileType = sourcecode.swift; path = BLECentralManager.swift; sourceTree = "<group>"; };
		BAE2EBD01E8443CF00198B19 /* HummingbirdPeripheral.swift */ = {isa = PBXFileReference; fileEncoding = 4; lastKnownFileType = sourcecode.swift; path = HummingbirdPeripheral.swift; sourceTree = "<group>"; };
		BAE2EBD21E8451ED00198B19 /* FlutterPeripheral.swift */ = {isa = PBXFileReference; fileEncoding = 4; lastKnownFileType = sourcecode.swift; path = FlutterPeripheral.swift; sourceTree = "<group>"; };
		BAE2EBD41E84550900198B19 /* HummingbirdRequests.swift */ = {isa = PBXFileReference; fileEncoding = 4; lastKnownFileType = sourcecode.swift; path = HummingbirdRequests.swift; sourceTree = "<group>"; };
		E8B8191F17118ABB8EDC2784 /* Pods-BirdBlox.debug.xcconfig */ = {isa = PBXFileReference; includeInIndex = 1; lastKnownFileType = text.xcconfig; name = "Pods-BirdBlox.debug.xcconfig"; path = "Pods/Target Support Files/Pods-BirdBlox/Pods-BirdBlox.debug.xcconfig"; sourceTree = "<group>"; };
/* End PBXFileReference section */

/* Begin PBXFrameworksBuildPhase section */
		BA81694A1E81A98A00AAF7A3 /* Frameworks */ = {
			isa = PBXFrameworksBuildPhase;
			buildActionMask = 2147483647;
			files = (
				DB4B601313BCF127ED80CC5E /* Pods_BirdBlox.framework in Frameworks */,
			);
			runOnlyForDeploymentPostprocessing = 0;
		};
/* End PBXFrameworksBuildPhase section */

/* Begin PBXGroup section */
		57E3AA007C026CA11E6DC062 /* Pods */ = {
			isa = PBXGroup;
			children = (
				E8B8191F17118ABB8EDC2784 /* Pods-BirdBlox.debug.xcconfig */,
				1CBEFB40603958D76A5BFE44 /* Pods-BirdBlox.release.xcconfig */,
			);
			name = Pods;
			sourceTree = "<group>";
		};
		B5B6F9AE55235342912C86D5 /* Frameworks */ = {
			isa = PBXGroup;
			children = (
				4B9CF54964A1E1D488464E38 /* Pods_BirdBlox.framework */,
			);
			name = Frameworks;
			sourceTree = "<group>";
		};
		BA8169441E81A98A00AAF7A3 = {
			isa = PBXGroup;
			children = (
				BA8169651E81B17600AAF7A3 /* Frontend */,
				BA81694F1E81A98A00AAF7A3 /* BirdBlox */,
				BA81694E1E81A98A00AAF7A3 /* Products */,
				57E3AA007C026CA11E6DC062 /* Pods */,
				B5B6F9AE55235342912C86D5 /* Frameworks */,
			);
			sourceTree = "<group>";
		};
		BA81694E1E81A98A00AAF7A3 /* Products */ = {
			isa = PBXGroup;
			children = (
				BA81694D1E81A98A00AAF7A3 /* BirdBlox.app */,
			);
			name = Products;
			sourceTree = "<group>";
		};
		BA81694F1E81A98A00AAF7A3 /* BirdBlox */ = {
			isa = PBXGroup;
			children = (
				BAE1FD9E1E920A1000304BEE /* utilities */,
				BAE2EBCD1E8431B300198B19 /* bluetooth */,
				BA8169621E81AD7C00AAF7A3 /* httpServer */,
				BA8169501E81A98A00AAF7A3 /* AppDelegate.swift */,
				BA8169521E81A98A00AAF7A3 /* ViewController.swift */,
				BA8169541E81A98A00AAF7A3 /* Main.storyboard */,
				BA8169571E81A98A00AAF7A3 /* Assets.xcassets */,
				BA8169591E81A98A00AAF7A3 /* LaunchScreen.storyboard */,
				BA81695C1E81A98A00AAF7A3 /* Info.plist */,
				BA81696A1E81B7BC00AAF7A3 /* DocumentManager.swift */,
				BA81696C1E81BC3F00AAF7A3 /* StringExtensions.swift */,
			);
			path = BirdBlox;
			sourceTree = "<group>";
		};
		BA8169621E81AD7C00AAF7A3 /* httpServer */ = {
			isa = PBXGroup;
			children = (
				BA8169631E81AEB400AAF7A3 /* MainServer.swift */,
				BA8169671E81B72D00AAF7A3 /* FrontendRequests.swift */,
				BAE2EBD41E84550900198B19 /* HummingbirdRequests.swift */,
				BA8A75901EA7192000ECFABC /* FlutterRequests.swift */,
			);
			name = httpServer;
			sourceTree = "<group>";
		};
		BAE1FD9E1E920A1000304BEE /* utilities */ = {
			isa = PBXGroup;
			children = (
				BAE1FD9F1E920A6600304BEE /* SharedUtilities.swift */,
				BAE1FDA11E920A7500304BEE /* HummingbirdUtilities.swift */,
				BAE1FDA31E920A8D00304BEE /* FlutterUtilities.swift */,
			);
			name = utilities;
			sourceTree = "<group>";
		};
		BAE2EBCD1E8431B300198B19 /* bluetooth */ = {
			isa = PBXGroup;
			children = (
				BAE2EBCE1E84417000198B19 /* BLECentralManager.swift */,
				BAE2EBD01E8443CF00198B19 /* HummingbirdPeripheral.swift */,
				BAE2EBD21E8451ED00198B19 /* FlutterPeripheral.swift */,
			);
			name = bluetooth;
			sourceTree = "<group>";
		};
/* End PBXGroup section */

/* Begin PBXNativeTarget section */
		BA81694C1E81A98A00AAF7A3 /* BirdBlox */ = {
			isa = PBXNativeTarget;
			buildConfigurationList = BA81695F1E81A98A00AAF7A3 /* Build configuration list for PBXNativeTarget "BirdBlox" */;
			buildPhases = (
				AF272EDB977A6E683F2D4546 /* [CP] Check Pods Manifest.lock */,
				BA8169491E81A98A00AAF7A3 /* Sources */,
				BA81694A1E81A98A00AAF7A3 /* Frameworks */,
				BA81694B1E81A98A00AAF7A3 /* Resources */,
				34A648280F2DC120B983B97B /* [CP] Embed Pods Frameworks */,
				3EC9D73D6B08B732DA3AAFF4 /* [CP] Copy Pods Resources */,
			);
			buildRules = (
			);
			dependencies = (
			);
			name = BirdBlox;
			productName = BirdBlox;
			productReference = BA81694D1E81A98A00AAF7A3 /* BirdBlox.app */;
			productType = "com.apple.product-type.application";
		};
/* End PBXNativeTarget section */

/* Begin PBXProject section */
		BA8169451E81A98A00AAF7A3 /* Project object */ = {
			isa = PBXProject;
			attributes = {
				LastSwiftUpdateCheck = 0820;
				LastUpgradeCheck = 0820;
				ORGANIZATIONNAME = "Birdbrain Technologies LLC.";
				TargetAttributes = {
					BA81694C1E81A98A00AAF7A3 = {
						CreatedOnToolsVersion = 8.2.1;
						DevelopmentTeam = N6XC9HC8PB;
						ProvisioningStyle = Automatic;
					};
				};
			};
			buildConfigurationList = BA8169481E81A98A00AAF7A3 /* Build configuration list for PBXProject "BirdBlox" */;
			compatibilityVersion = "Xcode 3.2";
			developmentRegion = English;
			hasScannedForEncodings = 0;
			knownRegions = (
				en,
				Base,
			);
			mainGroup = BA8169441E81A98A00AAF7A3;
			productRefGroup = BA81694E1E81A98A00AAF7A3 /* Products */;
			projectDirPath = "";
			projectRoot = "";
			targets = (
				BA81694C1E81A98A00AAF7A3 /* BirdBlox */,
			);
		};
/* End PBXProject section */

/* Begin PBXResourcesBuildPhase section */
		BA81694B1E81A98A00AAF7A3 /* Resources */ = {
			isa = PBXResourcesBuildPhase;
			buildActionMask = 2147483647;
			files = (
				BA81696E1E81CFBE00AAF7A3 /* Frontend in Resources */,
				BA81695B1E81A98A00AAF7A3 /* LaunchScreen.storyboard in Resources */,
				BA8169581E81A98A00AAF7A3 /* Assets.xcassets in Resources */,
				BA8169561E81A98A00AAF7A3 /* Main.storyboard in Resources */,
			);
			runOnlyForDeploymentPostprocessing = 0;
		};
/* End PBXResourcesBuildPhase section */

/* Begin PBXShellScriptBuildPhase section */
		34A648280F2DC120B983B97B /* [CP] Embed Pods Frameworks */ = {
			isa = PBXShellScriptBuildPhase;
			buildActionMask = 2147483647;
			files = (
			);
			inputPaths = (
			);
			name = "[CP] Embed Pods Frameworks";
			outputPaths = (
			);
			runOnlyForDeploymentPostprocessing = 0;
			shellPath = /bin/sh;
			shellScript = "\"${SRCROOT}/Pods/Target Support Files/Pods-BirdBlox/Pods-BirdBlox-frameworks.sh\"\n";
			showEnvVarsInLog = 0;
		};
		3EC9D73D6B08B732DA3AAFF4 /* [CP] Copy Pods Resources */ = {
			isa = PBXShellScriptBuildPhase;
			buildActionMask = 2147483647;
			files = (
			);
			inputPaths = (
			);
			name = "[CP] Copy Pods Resources";
			outputPaths = (
			);
			runOnlyForDeploymentPostprocessing = 0;
			shellPath = /bin/sh;
			shellScript = "\"${SRCROOT}/Pods/Target Support Files/Pods-BirdBlox/Pods-BirdBlox-resources.sh\"\n";
			showEnvVarsInLog = 0;
		};
		AF272EDB977A6E683F2D4546 /* [CP] Check Pods Manifest.lock */ = {
			isa = PBXShellScriptBuildPhase;
			buildActionMask = 2147483647;
			files = (
			);
			inputPaths = (
			);
			name = "[CP] Check Pods Manifest.lock";
			outputPaths = (
			);
			runOnlyForDeploymentPostprocessing = 0;
			shellPath = /bin/sh;
			shellScript = "diff \"${PODS_PODFILE_DIR_PATH}/Podfile.lock\" \"${PODS_ROOT}/Manifest.lock\" > /dev/null\nif [ $? != 0 ] ; then\n    # print error to STDERR\n    echo \"error: The sandbox is not in sync with the Podfile.lock. Run 'pod install' or update your CocoaPods installation.\" >&2\n    exit 1\nfi\n";
			showEnvVarsInLog = 0;
		};
/* End PBXShellScriptBuildPhase section */

/* Begin PBXSourcesBuildPhase section */
		BA8169491E81A98A00AAF7A3 /* Sources */ = {
			isa = PBXSourcesBuildPhase;
			buildActionMask = 2147483647;
			files = (
				BAE1FDA41E920A8D00304BEE /* FlutterUtilities.swift in Sources */,
				BAE1FDA01E920A6600304BEE /* SharedUtilities.swift in Sources */,
				BAE2EBD51E84550900198B19 /* HummingbirdRequests.swift in Sources */,
				BAE2EBD11E8443CF00198B19 /* HummingbirdPeripheral.swift in Sources */,
				BAE2EBD31E8451ED00198B19 /* FlutterPeripheral.swift in Sources */,
				BA8169531E81A98A00AAF7A3 /* ViewController.swift in Sources */,
				BA8169681E81B72D00AAF7A3 /* FrontendRequests.swift in Sources */,
				BA81696B1E81B7BC00AAF7A3 /* DocumentManager.swift in Sources */,
				BA8169511E81A98A00AAF7A3 /* AppDelegate.swift in Sources */,
				BA81696D1E81BC3F00AAF7A3 /* StringExtensions.swift in Sources */,
				BA8A75911EA7192000ECFABC /* FlutterRequests.swift in Sources */,
				BA8169641E81AEB400AAF7A3 /* MainServer.swift in Sources */,
				BAE2EBCF1E84417000198B19 /* BLECentralManager.swift in Sources */,
				BAE1FDA21E920A7500304BEE /* HummingbirdUtilities.swift in Sources */,
			);
			runOnlyForDeploymentPostprocessing = 0;
		};
/* End PBXSourcesBuildPhase section */

/* Begin PBXVariantGroup section */
		BA8169541E81A98A00AAF7A3 /* Main.storyboard */ = {
			isa = PBXVariantGroup;
			children = (
				BA8169551E81A98A00AAF7A3 /* Base */,
			);
			name = Main.storyboard;
			sourceTree = "<group>";
		};
		BA8169591E81A98A00AAF7A3 /* LaunchScreen.storyboard */ = {
			isa = PBXVariantGroup;
			children = (
				BA81695A1E81A98A00AAF7A3 /* Base */,
			);
			name = LaunchScreen.storyboard;
			sourceTree = "<group>";
		};
/* End PBXVariantGroup section */

/* Begin XCBuildConfiguration section */
		BA81695D1E81A98A00AAF7A3 /* Debug */ = {
			isa = XCBuildConfiguration;
			buildSettings = {
				ALWAYS_SEARCH_USER_PATHS = NO;
				CLANG_ANALYZER_NONNULL = YES;
				CLANG_CXX_LANGUAGE_STANDARD = "gnu++0x";
				CLANG_CXX_LIBRARY = "libc++";
				CLANG_ENABLE_MODULES = YES;
				CLANG_ENABLE_OBJC_ARC = YES;
				CLANG_WARN_BOOL_CONVERSION = YES;
				CLANG_WARN_CONSTANT_CONVERSION = YES;
				CLANG_WARN_DIRECT_OBJC_ISA_USAGE = YES_ERROR;
				CLANG_WARN_DOCUMENTATION_COMMENTS = YES;
				CLANG_WARN_EMPTY_BODY = YES;
				CLANG_WARN_ENUM_CONVERSION = YES;
				CLANG_WARN_INFINITE_RECURSION = YES;
				CLANG_WARN_INT_CONVERSION = YES;
				CLANG_WARN_OBJC_ROOT_CLASS = YES_ERROR;
				CLANG_WARN_SUSPICIOUS_MOVE = YES;
				CLANG_WARN_UNREACHABLE_CODE = YES;
				CLANG_WARN__DUPLICATE_METHOD_MATCH = YES;
				"CODE_SIGN_IDENTITY[sdk=iphoneos*]" = "iPhone Developer";
				COPY_PHASE_STRIP = NO;
				DEBUG_INFORMATION_FORMAT = dwarf;
				ENABLE_STRICT_OBJC_MSGSEND = YES;
				ENABLE_TESTABILITY = YES;
				GCC_C_LANGUAGE_STANDARD = gnu99;
				GCC_DYNAMIC_NO_PIC = NO;
				GCC_NO_COMMON_BLOCKS = YES;
				GCC_OPTIMIZATION_LEVEL = 0;
				GCC_PREPROCESSOR_DEFINITIONS = (
					"DEBUG=1",
					"$(inherited)",
				);
				GCC_WARN_64_TO_32_BIT_CONVERSION = YES;
				GCC_WARN_ABOUT_RETURN_TYPE = YES_ERROR;
				GCC_WARN_UNDECLARED_SELECTOR = YES;
				GCC_WARN_UNINITIALIZED_AUTOS = YES_AGGRESSIVE;
				GCC_WARN_UNUSED_FUNCTION = YES;
				GCC_WARN_UNUSED_VARIABLE = YES;
				IPHONEOS_DEPLOYMENT_TARGET = 10.2;
				MTL_ENABLE_DEBUG_INFO = YES;
				ONLY_ACTIVE_ARCH = YES;
				SDKROOT = iphoneos;
				SWIFT_ACTIVE_COMPILATION_CONDITIONS = DEBUG;
				SWIFT_OPTIMIZATION_LEVEL = "-Onone";
				TARGETED_DEVICE_FAMILY = "1,2";
			};
			name = Debug;
		};
		BA81695E1E81A98A00AAF7A3 /* Release */ = {
			isa = XCBuildConfiguration;
			buildSettings = {
				ALWAYS_SEARCH_USER_PATHS = NO;
				CLANG_ANALYZER_NONNULL = YES;
				CLANG_CXX_LANGUAGE_STANDARD = "gnu++0x";
				CLANG_CXX_LIBRARY = "libc++";
				CLANG_ENABLE_MODULES = YES;
				CLANG_ENABLE_OBJC_ARC = YES;
				CLANG_WARN_BOOL_CONVERSION = YES;
				CLANG_WARN_CONSTANT_CONVERSION = YES;
				CLANG_WARN_DIRECT_OBJC_ISA_USAGE = YES_ERROR;
				CLANG_WARN_DOCUMENTATION_COMMENTS = YES;
				CLANG_WARN_EMPTY_BODY = YES;
				CLANG_WARN_ENUM_CONVERSION = YES;
				CLANG_WARN_INFINITE_RECURSION = YES;
				CLANG_WARN_INT_CONVERSION = YES;
				CLANG_WARN_OBJC_ROOT_CLASS = YES_ERROR;
				CLANG_WARN_SUSPICIOUS_MOVE = YES;
				CLANG_WARN_UNREACHABLE_CODE = YES;
				CLANG_WARN__DUPLICATE_METHOD_MATCH = YES;
				"CODE_SIGN_IDENTITY[sdk=iphoneos*]" = "iPhone Developer";
				COPY_PHASE_STRIP = NO;
				DEBUG_INFORMATION_FORMAT = "dwarf-with-dsym";
				ENABLE_NS_ASSERTIONS = NO;
				ENABLE_STRICT_OBJC_MSGSEND = YES;
				GCC_C_LANGUAGE_STANDARD = gnu99;
				GCC_NO_COMMON_BLOCKS = YES;
				GCC_WARN_64_TO_32_BIT_CONVERSION = YES;
				GCC_WARN_ABOUT_RETURN_TYPE = YES_ERROR;
				GCC_WARN_UNDECLARED_SELECTOR = YES;
				GCC_WARN_UNINITIALIZED_AUTOS = YES_AGGRESSIVE;
				GCC_WARN_UNUSED_FUNCTION = YES;
				GCC_WARN_UNUSED_VARIABLE = YES;
				IPHONEOS_DEPLOYMENT_TARGET = 10.2;
				MTL_ENABLE_DEBUG_INFO = NO;
				SDKROOT = iphoneos;
				SWIFT_OPTIMIZATION_LEVEL = "-Owholemodule";
				TARGETED_DEVICE_FAMILY = "1,2";
				VALIDATE_PRODUCT = YES;
			};
			name = Release;
		};
		BA8169601E81A98A00AAF7A3 /* Debug */ = {
			isa = XCBuildConfiguration;
			baseConfigurationReference = E8B8191F17118ABB8EDC2784 /* Pods-BirdBlox.debug.xcconfig */;
			buildSettings = {
				ASSETCATALOG_COMPILER_APPICON_NAME = AppIcon;
				DEVELOPMENT_TEAM = N6XC9HC8PB;
				INFOPLIST_FILE = BirdBlox/Info.plist;
				IPHONEOS_DEPLOYMENT_TARGET = 9.3;
				LD_RUNPATH_SEARCH_PATHS = "$(inherited) @executable_path/Frameworks";
				PRODUCT_BUNDLE_IDENTIFIER = BirdBrainTech.BirdBlox;
				PRODUCT_NAME = "$(TARGET_NAME)";
				SWIFT_VERSION = 3.0;
			};
			name = Debug;
		};
		BA8169611E81A98A00AAF7A3 /* Release */ = {
			isa = XCBuildConfiguration;
			baseConfigurationReference = 1CBEFB40603958D76A5BFE44 /* Pods-BirdBlox.release.xcconfig */;
			buildSettings = {
				ASSETCATALOG_COMPILER_APPICON_NAME = AppIcon;
				DEVELOPMENT_TEAM = N6XC9HC8PB;
				INFOPLIST_FILE = BirdBlox/Info.plist;
				IPHONEOS_DEPLOYMENT_TARGET = 9.3;
				LD_RUNPATH_SEARCH_PATHS = "$(inherited) @executable_path/Frameworks";
				PRODUCT_BUNDLE_IDENTIFIER = BirdBrainTech.BirdBlox;
				PRODUCT_NAME = "$(TARGET_NAME)";
				SWIFT_VERSION = 3.0;
			};
			name = Release;
		};
/* End XCBuildConfiguration section */

/* Begin XCConfigurationList section */
		BA8169481E81A98A00AAF7A3 /* Build configuration list for PBXProject "BirdBlox" */ = {
			isa = XCConfigurationList;
			buildConfigurations = (
				BA81695D1E81A98A00AAF7A3 /* Debug */,
				BA81695E1E81A98A00AAF7A3 /* Release */,
			);
			defaultConfigurationIsVisible = 0;
			defaultConfigurationName = Release;
		};
		BA81695F1E81A98A00AAF7A3 /* Build configuration list for PBXNativeTarget "BirdBlox" */ = {
			isa = XCConfigurationList;
			buildConfigurations = (
				BA8169601E81A98A00AAF7A3 /* Debug */,
				BA8169611E81A98A00AAF7A3 /* Release */,
			);
			defaultConfigurationIsVisible = 0;
			defaultConfigurationName = Release;
		};
/* End XCConfigurationList section */
	};
	rootObject = BA8169451E81A98A00AAF7A3 /* Project object */;
}
