// !$*UTF8*$!
{
	archiveVersion = 1;
	classes = {
	};
	objectVersion = 46;
	objects = {

/* Begin PBXBuildFile section */
		3123E707222EBE77003B572C /* BBTBackendServer.swift in Sources */ = {isa = PBXBuildFile; fileRef = 3F5F6D281EDDB3A800799277 /* BBTBackendServer.swift */; };
		3123E708222EBE77003B572C /* SharedUtilities.swift in Sources */ = {isa = PBXBuildFile; fileRef = BAE1FD9F1E920A6600304BEE /* SharedUtilities.swift */; };
		3123E709222EBE77003B572C /* BBTRobotBLEPeripheral.swift in Sources */ = {isa = PBXBuildFile; fileRef = 3FFA170E1F1D492B0085CE71 /* BBTRobotBLEPeripheral.swift */; };
		3123E70A222EBE77003B572C /* BBTRobotState.swift in Sources */ = {isa = PBXBuildFile; fileRef = 3FA7D5E21EF2E65800FE4882 /* BBTRobotState.swift */; };
		3123E70B222EBE77003B572C /* BBTRobotType.swift in Sources */ = {isa = PBXBuildFile; fileRef = 31686091209A615C008D92AF /* BBTRobotType.swift */; };
		3123E70C222EBE77003B572C /* Socket.swift in Sources */ = {isa = PBXBuildFile; fileRef = 31A4AF9C2108AF480097CE01 /* Socket.swift */; };
		3123E70D222EBE77003B572C /* HttpRequest.swift in Sources */ = {isa = PBXBuildFile; fileRef = 31A4AF962108AE8E0097CE01 /* HttpRequest.swift */; };
		3123E70E222EBE77003B572C /* DeviceUtilities.swift in Sources */ = {isa = PBXBuildFile; fileRef = 3F0E4A721ED37D3900369F70 /* DeviceUtilities.swift */; };
		3123E70F222EBE77003B572C /* Errno.swift in Sources */ = {isa = PBXBuildFile; fileRef = 31A4AF9E2108AFD50097CE01 /* Errno.swift */; };
		3123E710222EBE77003B572C /* BBXDocument.swift in Sources */ = {isa = PBXBuildFile; fileRef = 3FA4F8A61F02F2BB005EB384 /* BBXDocument.swift */; };
		3123E711222EBE77003B572C /* AudioManager.swift in Sources */ = {isa = PBXBuildFile; fileRef = BA8A75981EB27CF700ECFABC /* AudioManager.swift */; };
		3123E712222EBE77003B572C /* SettingsRequests.swift in Sources */ = {isa = PBXBuildFile; fileRef = BA8A759A1EB2817E00ECFABC /* SettingsRequests.swift */; };
		3123E713222EBE77003B572C /* PropertiesRequests.swift in Sources */ = {isa = PBXBuildFile; fileRef = 3FDE24E71ED36910000BC24B /* PropertiesRequests.swift */; };
		3123E714222EBE77003B572C /* FrontendRequests.swift in Sources */ = {isa = PBXBuildFile; fileRef = BA8169671E81B72D00AAF7A3 /* FrontendRequests.swift */; };
		3123E715222EBE77003B572C /* DataModel.swift in Sources */ = {isa = PBXBuildFile; fileRef = BA81696A1E81B7BC00AAF7A3 /* DataModel.swift */; };
		3123E716222EBE77003B572C /* AVAudioSessionPatch.m in Sources */ = {isa = PBXBuildFile; fileRef = 31665821217A2B1D00B17C20 /* AVAudioSessionPatch.m */; };
		3123E717222EBE77003B572C /* Files.swift in Sources */ = {isa = PBXBuildFile; fileRef = 31A4AFA02108B09C0097CE01 /* Files.swift */; };
		3123E718222EBE77003B572C /* AppDelegate.swift in Sources */ = {isa = PBXBuildFile; fileRef = BA8169501E81A98A00AAF7A3 /* AppDelegate.swift */; };
		3123E719222EBE77003B572C /* HttpResponse.swift in Sources */ = {isa = PBXBuildFile; fileRef = 31A4AF982108AEC30097CE01 /* HttpResponse.swift */; };
		3123E71A222EBE77003B572C /* StringExtensions.swift in Sources */ = {isa = PBXBuildFile; fileRef = BA81696C1E81BC3F00AAF7A3 /* StringExtensions.swift */; };
		3123E71B222EBE77003B572C /* SoundRequests.swift in Sources */ = {isa = PBXBuildFile; fileRef = BA8A75961EB27A8C00ECFABC /* SoundRequests.swift */; };
		3123E71C222EBE77003B572C /* DataRequests.swift in Sources */ = {isa = PBXBuildFile; fileRef = BA8A75921EB2481F00ECFABC /* DataRequests.swift */; };
		3123E71D222EBE77003B572C /* RobotRequests.swift in Sources */ = {isa = PBXBuildFile; fileRef = 3F9F72461F223D2000C29FEB /* RobotRequests.swift */; };
		3123E71E222EBE77003B572C /* HostDeviceRequests.swift in Sources */ = {isa = PBXBuildFile; fileRef = BA8A75941EB2519200ECFABC /* HostDeviceRequests.swift */; };
		3123E71F222EBE77003B572C /* String+File.swift in Sources */ = {isa = PBXBuildFile; fileRef = 3188E84A2108B68C00AD54AB /* String+File.swift */; };
		3123E720222EBE77003B572C /* FrontendCallbackCenter.swift in Sources */ = {isa = PBXBuildFile; fileRef = 3FEC5DA31EF987640067C41B /* FrontendCallbackCenter.swift */; };
		3123E721222EBE77003B572C /* String+Misc.swift in Sources */ = {isa = PBXBuildFile; fileRef = 3188E84C2108B70D00AD54AB /* String+Misc.swift */; };
		3123E722222EBE77003B572C /* CallbackManager.swift in Sources */ = {isa = PBXBuildFile; fileRef = 3FF13C051F15692F00D1F358 /* CallbackManager.swift */; };
		3123E723222EBE77003B572C /* BLECentralManager.swift in Sources */ = {isa = PBXBuildFile; fileRef = BAE2EBCE1E84417000198B19 /* BLECentralManager.swift */; };
		3123E724222EBE77003B572C /* HttpRouter.swift in Sources */ = {isa = PBXBuildFile; fileRef = 31A4AF9A2108AEF50097CE01 /* HttpRouter.swift */; };
		3123E725222EBE77003B572C /* BBXDocumentViewController.swift in Sources */ = {isa = PBXBuildFile; fileRef = 3FA4F8A81F03EE56005EB384 /* BBXDocumentViewController.swift */; };
		3123E727222EBE77003B572C /* Pods_BirdBlox.framework in Frameworks */ = {isa = PBXBuildFile; fileRef = 4B9CF54964A1E1D488464E38 /* Pods_BirdBlox.framework */; };
		3123E729222EBE77003B572C /* Frontend in Resources */ = {isa = PBXBuildFile; fileRef = BA8169651E81B17600AAF7A3 /* Frontend */; };
		3123E72A222EBE77003B572C /* LaunchScreen.storyboard in Resources */ = {isa = PBXBuildFile; fileRef = BA8169591E81A98A00AAF7A3 /* LaunchScreen.storyboard */; };
		3123E72B222EBE77003B572C /* BluetoothDeviceNames.plist in Resources */ = {isa = PBXBuildFile; fileRef = 3FE5C65C1ED8974100433262 /* BluetoothDeviceNames.plist */; };
		3123E72C222EBE77003B572C /* Assets.xcassets in Resources */ = {isa = PBXBuildFile; fileRef = BA8169571E81A98A00AAF7A3 /* Assets.xcassets */; };
		3123E72D222EBE77003B572C /* Main.storyboard in Resources */ = {isa = PBXBuildFile; fileRef = BA8169541E81A98A00AAF7A3 /* Main.storyboard */; };
		31665822217A2B1D00B17C20 /* AVAudioSessionPatch.m in Sources */ = {isa = PBXBuildFile; fileRef = 31665821217A2B1D00B17C20 /* AVAudioSessionPatch.m */; };
		31686092209A615C008D92AF /* BBTRobotType.swift in Sources */ = {isa = PBXBuildFile; fileRef = 31686091209A615C008D92AF /* BBTRobotType.swift */; };
		3188E84B2108B68C00AD54AB /* String+File.swift in Sources */ = {isa = PBXBuildFile; fileRef = 3188E84A2108B68C00AD54AB /* String+File.swift */; };
		3188E84D2108B70D00AD54AB /* String+Misc.swift in Sources */ = {isa = PBXBuildFile; fileRef = 3188E84C2108B70D00AD54AB /* String+Misc.swift */; };
		31A4AF972108AE8E0097CE01 /* HttpRequest.swift in Sources */ = {isa = PBXBuildFile; fileRef = 31A4AF962108AE8E0097CE01 /* HttpRequest.swift */; };
		31A4AF992108AEC30097CE01 /* HttpResponse.swift in Sources */ = {isa = PBXBuildFile; fileRef = 31A4AF982108AEC30097CE01 /* HttpResponse.swift */; };
		31A4AF9B2108AEF50097CE01 /* HttpRouter.swift in Sources */ = {isa = PBXBuildFile; fileRef = 31A4AF9A2108AEF50097CE01 /* HttpRouter.swift */; };
		31A4AF9D2108AF480097CE01 /* Socket.swift in Sources */ = {isa = PBXBuildFile; fileRef = 31A4AF9C2108AF480097CE01 /* Socket.swift */; };
		31A4AF9F2108AFD50097CE01 /* Errno.swift in Sources */ = {isa = PBXBuildFile; fileRef = 31A4AF9E2108AFD50097CE01 /* Errno.swift */; };
		31A4AFA12108B09C0097CE01 /* Files.swift in Sources */ = {isa = PBXBuildFile; fileRef = 31A4AFA02108B09C0097CE01 /* Files.swift */; };
		3F0E4A731ED37D3900369F70 /* DeviceUtilities.swift in Sources */ = {isa = PBXBuildFile; fileRef = 3F0E4A721ED37D3900369F70 /* DeviceUtilities.swift */; };
		3F5F6D291EDDB3A800799277 /* BBTBackendServer.swift in Sources */ = {isa = PBXBuildFile; fileRef = 3F5F6D281EDDB3A800799277 /* BBTBackendServer.swift */; };
		3F9F72471F223D2000C29FEB /* RobotRequests.swift in Sources */ = {isa = PBXBuildFile; fileRef = 3F9F72461F223D2000C29FEB /* RobotRequests.swift */; };
		3FA4F8A71F02F2BB005EB384 /* BBXDocument.swift in Sources */ = {isa = PBXBuildFile; fileRef = 3FA4F8A61F02F2BB005EB384 /* BBXDocument.swift */; };
		3FA4F8A91F03EE56005EB384 /* BBXDocumentViewController.swift in Sources */ = {isa = PBXBuildFile; fileRef = 3FA4F8A81F03EE56005EB384 /* BBXDocumentViewController.swift */; };
		3FA7D5E31EF2E65800FE4882 /* BBTRobotState.swift in Sources */ = {isa = PBXBuildFile; fileRef = 3FA7D5E21EF2E65800FE4882 /* BBTRobotState.swift */; };
		3FDE24E81ED36910000BC24B /* PropertiesRequests.swift in Sources */ = {isa = PBXBuildFile; fileRef = 3FDE24E71ED36910000BC24B /* PropertiesRequests.swift */; };
		3FE5C65D1ED8974100433262 /* BluetoothDeviceNames.plist in Resources */ = {isa = PBXBuildFile; fileRef = 3FE5C65C1ED8974100433262 /* BluetoothDeviceNames.plist */; };
		3FEC5DA41EF987640067C41B /* FrontendCallbackCenter.swift in Sources */ = {isa = PBXBuildFile; fileRef = 3FEC5DA31EF987640067C41B /* FrontendCallbackCenter.swift */; };
		3FF13C061F15692F00D1F358 /* CallbackManager.swift in Sources */ = {isa = PBXBuildFile; fileRef = 3FF13C051F15692F00D1F358 /* CallbackManager.swift */; };
		3FFA170F1F1D492B0085CE71 /* BBTRobotBLEPeripheral.swift in Sources */ = {isa = PBXBuildFile; fileRef = 3FFA170E1F1D492B0085CE71 /* BBTRobotBLEPeripheral.swift */; };
		BA8169511E81A98A00AAF7A3 /* AppDelegate.swift in Sources */ = {isa = PBXBuildFile; fileRef = BA8169501E81A98A00AAF7A3 /* AppDelegate.swift */; };
		BA8169561E81A98A00AAF7A3 /* Main.storyboard in Resources */ = {isa = PBXBuildFile; fileRef = BA8169541E81A98A00AAF7A3 /* Main.storyboard */; };
		BA8169581E81A98A00AAF7A3 /* Assets.xcassets in Resources */ = {isa = PBXBuildFile; fileRef = BA8169571E81A98A00AAF7A3 /* Assets.xcassets */; };
		BA81695B1E81A98A00AAF7A3 /* LaunchScreen.storyboard in Resources */ = {isa = PBXBuildFile; fileRef = BA8169591E81A98A00AAF7A3 /* LaunchScreen.storyboard */; };
		BA8169681E81B72D00AAF7A3 /* FrontendRequests.swift in Sources */ = {isa = PBXBuildFile; fileRef = BA8169671E81B72D00AAF7A3 /* FrontendRequests.swift */; };
		BA81696B1E81B7BC00AAF7A3 /* DataModel.swift in Sources */ = {isa = PBXBuildFile; fileRef = BA81696A1E81B7BC00AAF7A3 /* DataModel.swift */; };
		BA81696D1E81BC3F00AAF7A3 /* StringExtensions.swift in Sources */ = {isa = PBXBuildFile; fileRef = BA81696C1E81BC3F00AAF7A3 /* StringExtensions.swift */; };
		BA81696E1E81CFBE00AAF7A3 /* Frontend in Resources */ = {isa = PBXBuildFile; fileRef = BA8169651E81B17600AAF7A3 /* Frontend */; };
		BA8A75931EB2481F00ECFABC /* DataRequests.swift in Sources */ = {isa = PBXBuildFile; fileRef = BA8A75921EB2481F00ECFABC /* DataRequests.swift */; };
		BA8A75951EB2519200ECFABC /* HostDeviceRequests.swift in Sources */ = {isa = PBXBuildFile; fileRef = BA8A75941EB2519200ECFABC /* HostDeviceRequests.swift */; };
		BA8A75971EB27A8C00ECFABC /* SoundRequests.swift in Sources */ = {isa = PBXBuildFile; fileRef = BA8A75961EB27A8C00ECFABC /* SoundRequests.swift */; };
		BA8A75991EB27CF700ECFABC /* AudioManager.swift in Sources */ = {isa = PBXBuildFile; fileRef = BA8A75981EB27CF700ECFABC /* AudioManager.swift */; };
		BA8A759B1EB2817E00ECFABC /* SettingsRequests.swift in Sources */ = {isa = PBXBuildFile; fileRef = BA8A759A1EB2817E00ECFABC /* SettingsRequests.swift */; };
		BAE1FDA01E920A6600304BEE /* SharedUtilities.swift in Sources */ = {isa = PBXBuildFile; fileRef = BAE1FD9F1E920A6600304BEE /* SharedUtilities.swift */; };
		BAE2EBCF1E84417000198B19 /* BLECentralManager.swift in Sources */ = {isa = PBXBuildFile; fileRef = BAE2EBCE1E84417000198B19 /* BLECentralManager.swift */; };
		DB4B601313BCF127ED80CC5E /* Pods_BirdBlox.framework in Frameworks */ = {isa = PBXBuildFile; fileRef = 4B9CF54964A1E1D488464E38 /* Pods_BirdBlox.framework */; };
/* End PBXBuildFile section */

/* Begin PBXFileReference section */
		1CBEFB40603958D76A5BFE44 /* Pods-BirdBlox.release.xcconfig */ = {isa = PBXFileReference; includeInIndex = 1; lastKnownFileType = text.xcconfig; name = "Pods-BirdBlox.release.xcconfig"; path = "Pods/Target Support Files/Pods-BirdBlox/Pods-BirdBlox.release.xcconfig"; sourceTree = "<group>"; };
		3123E733222EBE77003B572C /* FinchBlox.app */ = {isa = PBXFileReference; explicitFileType = wrapper.application; includeInIndex = 0; path = FinchBlox.app; sourceTree = BUILT_PRODUCTS_DIR; };
		3123E734222EBE78003B572C /* FinchBlox-Info.plist */ = {isa = PBXFileReference; lastKnownFileType = text.plist.xml; name = "FinchBlox-Info.plist"; path = "/Users/krissie/Dropbox (Krissie Lauwers Work)/BirdBrain/GitHub/Hummingbird-iOS-Support/BirdBlox/FinchBlox-Info.plist"; sourceTree = "<absolute>"; };
		31665820217A2B1D00B17C20 /* BirdBlox-Bridging-Header.h */ = {isa = PBXFileReference; lastKnownFileType = sourcecode.c.h; path = "BirdBlox-Bridging-Header.h"; sourceTree = "<group>"; };
		31665821217A2B1D00B17C20 /* AVAudioSessionPatch.m */ = {isa = PBXFileReference; lastKnownFileType = sourcecode.c.objc; path = AVAudioSessionPatch.m; sourceTree = "<group>"; };
		31665823217A2B4400B17C20 /* AVAudioSessionPatch.h */ = {isa = PBXFileReference; lastKnownFileType = sourcecode.c.h; path = AVAudioSessionPatch.h; sourceTree = "<group>"; };
		31686091209A615C008D92AF /* BBTRobotType.swift */ = {isa = PBXFileReference; lastKnownFileType = sourcecode.swift; path = BBTRobotType.swift; sourceTree = "<group>"; };
		3188E84A2108B68C00AD54AB /* String+File.swift */ = {isa = PBXFileReference; fileEncoding = 4; lastKnownFileType = sourcecode.swift; path = "String+File.swift"; sourceTree = "<group>"; };
		3188E84C2108B70D00AD54AB /* String+Misc.swift */ = {isa = PBXFileReference; fileEncoding = 4; lastKnownFileType = sourcecode.swift; path = "String+Misc.swift"; sourceTree = "<group>"; };
		31A4AF962108AE8E0097CE01 /* HttpRequest.swift */ = {isa = PBXFileReference; fileEncoding = 4; lastKnownFileType = sourcecode.swift; path = HttpRequest.swift; sourceTree = "<group>"; };
		31A4AF982108AEC30097CE01 /* HttpResponse.swift */ = {isa = PBXFileReference; fileEncoding = 4; lastKnownFileType = sourcecode.swift; path = HttpResponse.swift; sourceTree = "<group>"; };
		31A4AF9A2108AEF50097CE01 /* HttpRouter.swift */ = {isa = PBXFileReference; fileEncoding = 4; lastKnownFileType = sourcecode.swift; path = HttpRouter.swift; sourceTree = "<group>"; };
		31A4AF9C2108AF480097CE01 /* Socket.swift */ = {isa = PBXFileReference; fileEncoding = 4; lastKnownFileType = sourcecode.swift; path = Socket.swift; sourceTree = "<group>"; };
		31A4AF9E2108AFD50097CE01 /* Errno.swift */ = {isa = PBXFileReference; fileEncoding = 4; lastKnownFileType = sourcecode.swift; path = Errno.swift; sourceTree = "<group>"; };
		31A4AFA02108B09C0097CE01 /* Files.swift */ = {isa = PBXFileReference; fileEncoding = 4; lastKnownFileType = sourcecode.swift; path = Files.swift; sourceTree = "<group>"; };
		3F0E4A721ED37D3900369F70 /* DeviceUtilities.swift */ = {isa = PBXFileReference; fileEncoding = 4; lastKnownFileType = sourcecode.swift; path = DeviceUtilities.swift; sourceTree = "<group>"; };
		3F5F6D281EDDB3A800799277 /* BBTBackendServer.swift */ = {isa = PBXFileReference; fileEncoding = 4; lastKnownFileType = sourcecode.swift; path = BBTBackendServer.swift; sourceTree = "<group>"; };
		3F9F72461F223D2000C29FEB /* RobotRequests.swift */ = {isa = PBXFileReference; fileEncoding = 4; lastKnownFileType = sourcecode.swift; path = RobotRequests.swift; sourceTree = "<group>"; };
		3FA4F8A61F02F2BB005EB384 /* BBXDocument.swift */ = {isa = PBXFileReference; fileEncoding = 4; lastKnownFileType = sourcecode.swift; path = BBXDocument.swift; sourceTree = "<group>"; };
		3FA4F8A81F03EE56005EB384 /* BBXDocumentViewController.swift */ = {isa = PBXFileReference; fileEncoding = 4; lastKnownFileType = sourcecode.swift; path = BBXDocumentViewController.swift; sourceTree = "<group>"; };
		3FA4F8AA1F06F602005EB384 /* BirdBlox.entitlements */ = {isa = PBXFileReference; lastKnownFileType = text.plist.entitlements; path = BirdBlox.entitlements; sourceTree = "<group>"; };
		3FA7D5E21EF2E65800FE4882 /* BBTRobotState.swift */ = {isa = PBXFileReference; fileEncoding = 4; lastKnownFileType = sourcecode.swift; path = BBTRobotState.swift; sourceTree = "<group>"; };
		3FDE24E71ED36910000BC24B /* PropertiesRequests.swift */ = {isa = PBXFileReference; fileEncoding = 4; lastKnownFileType = sourcecode.swift; path = PropertiesRequests.swift; sourceTree = "<group>"; };
		3FE5C65C1ED8974100433262 /* BluetoothDeviceNames.plist */ = {isa = PBXFileReference; fileEncoding = 4; lastKnownFileType = text.plist.xml; path = BluetoothDeviceNames.plist; sourceTree = "<group>"; };
		3FEC5DA31EF987640067C41B /* FrontendCallbackCenter.swift */ = {isa = PBXFileReference; fileEncoding = 4; lastKnownFileType = sourcecode.swift; path = FrontendCallbackCenter.swift; sourceTree = "<group>"; };
		3FF13C051F15692F00D1F358 /* CallbackManager.swift */ = {isa = PBXFileReference; fileEncoding = 4; lastKnownFileType = sourcecode.swift; path = CallbackManager.swift; sourceTree = "<group>"; };
		3FFA170E1F1D492B0085CE71 /* BBTRobotBLEPeripheral.swift */ = {isa = PBXFileReference; fileEncoding = 4; lastKnownFileType = sourcecode.swift; path = BBTRobotBLEPeripheral.swift; sourceTree = "<group>"; };
		4B9CF54964A1E1D488464E38 /* Pods_BirdBlox.framework */ = {isa = PBXFileReference; explicitFileType = wrapper.framework; includeInIndex = 0; path = Pods_BirdBlox.framework; sourceTree = BUILT_PRODUCTS_DIR; };
		BA81694D1E81A98A00AAF7A3 /* BirdBlox.app */ = {isa = PBXFileReference; explicitFileType = wrapper.application; includeInIndex = 0; path = BirdBlox.app; sourceTree = BUILT_PRODUCTS_DIR; };
		BA8169501E81A98A00AAF7A3 /* AppDelegate.swift */ = {isa = PBXFileReference; lastKnownFileType = sourcecode.swift; path = AppDelegate.swift; sourceTree = "<group>"; };
		BA8169551E81A98A00AAF7A3 /* Base */ = {isa = PBXFileReference; lastKnownFileType = file.storyboard; name = Base; path = Base.lproj/Main.storyboard; sourceTree = "<group>"; };
		BA8169571E81A98A00AAF7A3 /* Assets.xcassets */ = {isa = PBXFileReference; lastKnownFileType = folder.assetcatalog; path = Assets.xcassets; sourceTree = "<group>"; };
		BA81695A1E81A98A00AAF7A3 /* Base */ = {isa = PBXFileReference; lastKnownFileType = file.storyboard; name = Base; path = Base.lproj/LaunchScreen.storyboard; sourceTree = "<group>"; };
		BA81695C1E81A98A00AAF7A3 /* Info.plist */ = {isa = PBXFileReference; lastKnownFileType = text.plist.xml; path = Info.plist; sourceTree = "<group>"; };
		BA8169651E81B17600AAF7A3 /* Frontend */ = {isa = PBXFileReference; lastKnownFileType = folder; path = Frontend; sourceTree = "<group>"; };
		BA8169671E81B72D00AAF7A3 /* FrontendRequests.swift */ = {isa = PBXFileReference; fileEncoding = 4; lastKnownFileType = sourcecode.swift; path = FrontendRequests.swift; sourceTree = "<group>"; };
		BA81696A1E81B7BC00AAF7A3 /* DataModel.swift */ = {isa = PBXFileReference; fileEncoding = 4; lastKnownFileType = sourcecode.swift; path = DataModel.swift; sourceTree = "<group>"; };
		BA81696C1E81BC3F00AAF7A3 /* StringExtensions.swift */ = {isa = PBXFileReference; fileEncoding = 4; lastKnownFileType = sourcecode.swift; path = StringExtensions.swift; sourceTree = "<group>"; };
		BA8A75921EB2481F00ECFABC /* DataRequests.swift */ = {isa = PBXFileReference; fileEncoding = 4; lastKnownFileType = sourcecode.swift; path = DataRequests.swift; sourceTree = "<group>"; };
		BA8A75941EB2519200ECFABC /* HostDeviceRequests.swift */ = {isa = PBXFileReference; fileEncoding = 4; lastKnownFileType = sourcecode.swift; path = HostDeviceRequests.swift; sourceTree = "<group>"; };
		BA8A75961EB27A8C00ECFABC /* SoundRequests.swift */ = {isa = PBXFileReference; fileEncoding = 4; lastKnownFileType = sourcecode.swift; path = SoundRequests.swift; sourceTree = "<group>"; };
		BA8A75981EB27CF700ECFABC /* AudioManager.swift */ = {isa = PBXFileReference; fileEncoding = 4; lastKnownFileType = sourcecode.swift; path = AudioManager.swift; sourceTree = "<group>"; };
		BA8A759A1EB2817E00ECFABC /* SettingsRequests.swift */ = {isa = PBXFileReference; fileEncoding = 4; lastKnownFileType = sourcecode.swift; path = SettingsRequests.swift; sourceTree = "<group>"; };
		BAE1FD9F1E920A6600304BEE /* SharedUtilities.swift */ = {isa = PBXFileReference; fileEncoding = 4; lastKnownFileType = sourcecode.swift; path = SharedUtilities.swift; sourceTree = "<group>"; };
		BAE2EBCE1E84417000198B19 /* BLECentralManager.swift */ = {isa = PBXFileReference; fileEncoding = 4; lastKnownFileType = sourcecode.swift; path = BLECentralManager.swift; sourceTree = "<group>"; };
		E8B8191F17118ABB8EDC2784 /* Pods-BirdBlox.debug.xcconfig */ = {isa = PBXFileReference; includeInIndex = 1; lastKnownFileType = text.xcconfig; name = "Pods-BirdBlox.debug.xcconfig"; path = "Pods/Target Support Files/Pods-BirdBlox/Pods-BirdBlox.debug.xcconfig"; sourceTree = "<group>"; };
/* End PBXFileReference section */

/* Begin PBXFrameworksBuildPhase section */
		3123E726222EBE77003B572C /* Frameworks */ = {
			isa = PBXFrameworksBuildPhase;
			buildActionMask = 2147483647;
			files = (
				3123E727222EBE77003B572C /* Pods_BirdBlox.framework in Frameworks */,
			);
			runOnlyForDeploymentPostprocessing = 0;
		};
		BA81694A1E81A98A00AAF7A3 /* Frameworks */ = {
			isa = PBXFrameworksBuildPhase;
			buildActionMask = 2147483647;
			files = (
				DB4B601313BCF127ED80CC5E /* Pods_BirdBlox.framework in Frameworks */,
			);
			runOnlyForDeploymentPostprocessing = 0;
		};
/* End PBXFrameworksBuildPhase section */

/* Begin PBXGroup section */
		31A4AF952108ACC10097CE01 /* SwifterFiles */ = {
			isa = PBXGroup;
			children = (
				3188E84C2108B70D00AD54AB /* String+Misc.swift */,
				3188E84A2108B68C00AD54AB /* String+File.swift */,
				31A4AFA02108B09C0097CE01 /* Files.swift */,
				31A4AF9E2108AFD50097CE01 /* Errno.swift */,
				31A4AF9C2108AF480097CE01 /* Socket.swift */,
				31A4AF9A2108AEF50097CE01 /* HttpRouter.swift */,
				31A4AF982108AEC30097CE01 /* HttpResponse.swift */,
				31A4AF962108AE8E0097CE01 /* HttpRequest.swift */,
			);
			path = SwifterFiles;
			sourceTree = "<group>";
		};
		3FA7D5DF1EF026C700FE4882 /* Models */ = {
			isa = PBXGroup;
			children = (
				3FEC5DA31EF987640067C41B /* FrontendCallbackCenter.swift */,
				3FF13C051F15692F00D1F358 /* CallbackManager.swift */,
				BA81696A1E81B7BC00AAF7A3 /* DataModel.swift */,
				BA8A75981EB27CF700ECFABC /* AudioManager.swift */,
				3FA4F8A61F02F2BB005EB384 /* BBXDocument.swift */,
				3FA7D5E21EF2E65800FE4882 /* BBTRobotState.swift */,
				31665821217A2B1D00B17C20 /* AVAudioSessionPatch.m */,
				31665823217A2B4400B17C20 /* AVAudioSessionPatch.h */,
				31665820217A2B1D00B17C20 /* BirdBlox-Bridging-Header.h */,
			);
			name = Models;
			sourceTree = "<group>";
		};
		57E3AA007C026CA11E6DC062 /* Pods */ = {
			isa = PBXGroup;
			children = (
				E8B8191F17118ABB8EDC2784 /* Pods-BirdBlox.debug.xcconfig */,
				1CBEFB40603958D76A5BFE44 /* Pods-BirdBlox.release.xcconfig */,
			);
			name = Pods;
			sourceTree = "<group>";
		};
		B5B6F9AE55235342912C86D5 /* Frameworks */ = {
			isa = PBXGroup;
			children = (
				4B9CF54964A1E1D488464E38 /* Pods_BirdBlox.framework */,
			);
			name = Frameworks;
			sourceTree = "<group>";
		};
		BA8169441E81A98A00AAF7A3 = {
			isa = PBXGroup;
			children = (
				BA8169651E81B17600AAF7A3 /* Frontend */,
				BA81694F1E81A98A00AAF7A3 /* BirdBlox */,
				BA81694E1E81A98A00AAF7A3 /* Products */,
				57E3AA007C026CA11E6DC062 /* Pods */,
				B5B6F9AE55235342912C86D5 /* Frameworks */,
			);
			sourceTree = "<group>";
		};
		BA81694E1E81A98A00AAF7A3 /* Products */ = {
			isa = PBXGroup;
			children = (
				BA81694D1E81A98A00AAF7A3 /* BirdBlox.app */,
				3123E733222EBE77003B572C /* FinchBlox.app */,
			);
			name = Products;
			sourceTree = "<group>";
		};
		BA81694F1E81A98A00AAF7A3 /* BirdBlox */ = {
			isa = PBXGroup;
			children = (
				3FA4F8AA1F06F602005EB384 /* BirdBlox.entitlements */,
				BAE1FD9E1E920A1000304BEE /* utilities */,
				BAE2EBCD1E8431B300198B19 /* bluetooth */,
				3FA7D5DF1EF026C700FE4882 /* Models */,
				BA8169621E81AD7C00AAF7A3 /* httpServer */,
				BA8169501E81A98A00AAF7A3 /* AppDelegate.swift */,
				3FA4F8A81F03EE56005EB384 /* BBXDocumentViewController.swift */,
				BA8169541E81A98A00AAF7A3 /* Main.storyboard */,
				BA8169571E81A98A00AAF7A3 /* Assets.xcassets */,
				BA8169591E81A98A00AAF7A3 /* LaunchScreen.storyboard */,
				BA81695C1E81A98A00AAF7A3 /* Info.plist */,
				3123E734222EBE78003B572C /* FinchBlox-Info.plist */,
				BA81696C1E81BC3F00AAF7A3 /* StringExtensions.swift */,
			);
			path = BirdBlox;
			sourceTree = "<group>";
		};
		BA8169621E81AD7C00AAF7A3 /* httpServer */ = {
			isa = PBXGroup;
			children = (
				31A4AF952108ACC10097CE01 /* SwifterFiles */,
				3F5F6D281EDDB3A800799277 /* BBTBackendServer.swift */,
				BA8169671E81B72D00AAF7A3 /* FrontendRequests.swift */,
				3F9F72461F223D2000C29FEB /* RobotRequests.swift */,
				BA8A75921EB2481F00ECFABC /* DataRequests.swift */,
				BA8A75941EB2519200ECFABC /* HostDeviceRequests.swift */,
				BA8A75961EB27A8C00ECFABC /* SoundRequests.swift */,
				BA8A759A1EB2817E00ECFABC /* SettingsRequests.swift */,
				3FDE24E71ED36910000BC24B /* PropertiesRequests.swift */,
			);
			name = httpServer;
			sourceTree = "<group>";
		};
		BAE1FD9E1E920A1000304BEE /* utilities */ = {
			isa = PBXGroup;
			children = (
				BAE1FD9F1E920A6600304BEE /* SharedUtilities.swift */,
				3F0E4A721ED37D3900369F70 /* DeviceUtilities.swift */,
				3FE5C65C1ED8974100433262 /* BluetoothDeviceNames.plist */,
			);
			name = utilities;
			sourceTree = "<group>";
		};
		BAE2EBCD1E8431B300198B19 /* bluetooth */ = {
			isa = PBXGroup;
			children = (
				BAE2EBCE1E84417000198B19 /* BLECentralManager.swift */,
				3FFA170E1F1D492B0085CE71 /* BBTRobotBLEPeripheral.swift */,
				31686091209A615C008D92AF /* BBTRobotType.swift */,
			);
			name = bluetooth;
			sourceTree = "<group>";
		};
/* End PBXGroup section */

/* Begin PBXNativeTarget section */
		3123E704222EBE77003B572C /* FinchBlox */ = {
			isa = PBXNativeTarget;
			buildConfigurationList = 3123E730222EBE77003B572C /* Build configuration list for PBXNativeTarget "FinchBlox" */;
			buildPhases = (
				3123E705222EBE77003B572C /* [CP] Check Pods Manifest.lock */,
				3123E706222EBE77003B572C /* Sources */,
				3123E726222EBE77003B572C /* Frameworks */,
				3123E728222EBE77003B572C /* Resources */,
				3123E72E222EBE77003B572C /* [CP] Embed Pods Frameworks */,
				3123E72F222EBE77003B572C /* [CP] Copy Pods Resources */,
			);
			buildRules = (
			);
			dependencies = (
			);
			name = FinchBlox;
			productName = BirdBlox;
			productReference = 3123E733222EBE77003B572C /* FinchBlox.app */;
			productType = "com.apple.product-type.application";
		};
		BA81694C1E81A98A00AAF7A3 /* BirdBlox */ = {
			isa = PBXNativeTarget;
			buildConfigurationList = BA81695F1E81A98A00AAF7A3 /* Build configuration list for PBXNativeTarget "BirdBlox" */;
			buildPhases = (
				AF272EDB977A6E683F2D4546 /* [CP] Check Pods Manifest.lock */,
				BA8169491E81A98A00AAF7A3 /* Sources */,
				BA81694A1E81A98A00AAF7A3 /* Frameworks */,
				BA81694B1E81A98A00AAF7A3 /* Resources */,
				34A648280F2DC120B983B97B /* [CP] Embed Pods Frameworks */,
				3EC9D73D6B08B732DA3AAFF4 /* [CP] Copy Pods Resources */,
			);
			buildRules = (
			);
			dependencies = (
			);
			name = BirdBlox;
			productName = BirdBlox;
			productReference = BA81694D1E81A98A00AAF7A3 /* BirdBlox.app */;
			productType = "com.apple.product-type.application";
		};
/* End PBXNativeTarget section */

/* Begin PBXProject section */
		BA8169451E81A98A00AAF7A3 /* Project object */ = {
			isa = PBXProject;
			attributes = {
				LastSwiftUpdateCheck = 0820;
				LastUpgradeCheck = 1130;
				ORGANIZATIONNAME = "Birdbrain Technologies LLC.";
				TargetAttributes = {
					3123E704222EBE77003B572C = {
						DevelopmentTeam = N6XC9HC8PB;
						LastSwiftMigration = 1130;
					};
					BA81694C1E81A98A00AAF7A3 = {
						CreatedOnToolsVersion = 8.2.1;
						DevelopmentTeam = N6XC9HC8PB;
						LastSwiftMigration = 1130;
						ProvisioningStyle = Automatic;
						SystemCapabilities = {
							com.apple.AccessWiFi = {
								enabled = 1;
							};
							com.apple.iCloud = {
								enabled = 1;
							};
						};
					};
				};
			};
			buildConfigurationList = BA8169481E81A98A00AAF7A3 /* Build configuration list for PBXProject "BirdBlox" */;
			compatibilityVersion = "Xcode 3.2";
			developmentRegion = en;
			hasScannedForEncodings = 0;
			knownRegions = (
				en,
				Base,
			);
			mainGroup = BA8169441E81A98A00AAF7A3;
			productRefGroup = BA81694E1E81A98A00AAF7A3 /* Products */;
			projectDirPath = "";
			projectRoot = "";
			targets = (
				BA81694C1E81A98A00AAF7A3 /* BirdBlox */,
				3123E704222EBE77003B572C /* FinchBlox */,
			);
		};
/* End PBXProject section */

/* Begin PBXResourcesBuildPhase section */
		3123E728222EBE77003B572C /* Resources */ = {
			isa = PBXResourcesBuildPhase;
			buildActionMask = 2147483647;
			files = (
				3123E729222EBE77003B572C /* Frontend in Resources */,
				3123E72A222EBE77003B572C /* LaunchScreen.storyboard in Resources */,
				3123E72B222EBE77003B572C /* BluetoothDeviceNames.plist in Resources */,
				3123E72C222EBE77003B572C /* Assets.xcassets in Resources */,
				3123E72D222EBE77003B572C /* Main.storyboard in Resources */,
			);
			runOnlyForDeploymentPostprocessing = 0;
		};
		BA81694B1E81A98A00AAF7A3 /* Resources */ = {
			isa = PBXResourcesBuildPhase;
			buildActionMask = 2147483647;
			files = (
				BA81696E1E81CFBE00AAF7A3 /* Frontend in Resources */,
				BA81695B1E81A98A00AAF7A3 /* LaunchScreen.storyboard in Resources */,
				3FE5C65D1ED8974100433262 /* BluetoothDeviceNames.plist in Resources */,
				BA8169581E81A98A00AAF7A3 /* Assets.xcassets in Resources */,
				BA8169561E81A98A00AAF7A3 /* Main.storyboard in Resources */,
			);
			runOnlyForDeploymentPostprocessing = 0;
		};
/* End PBXResourcesBuildPhase section */

/* Begin PBXShellScriptBuildPhase section */
		3123E705222EBE77003B572C /* [CP] Check Pods Manifest.lock */ = {
			isa = PBXShellScriptBuildPhase;
			buildActionMask = 2147483647;
			files = (
			);
			inputPaths = (
				"${PODS_PODFILE_DIR_PATH}/Podfile.lock",
				"${PODS_ROOT}/Manifest.lock",
			);
			name = "[CP] Check Pods Manifest.lock";
			outputPaths = (
				"$(DERIVED_FILE_DIR)/Pods-BirdBlox-checkManifestLockResult.txt",
			);
			runOnlyForDeploymentPostprocessing = 0;
			shellPath = /bin/sh;
			shellScript = "diff \"${PODS_PODFILE_DIR_PATH}/Podfile.lock\" \"${PODS_ROOT}/Manifest.lock\" > /dev/null\nif [ $? != 0 ] ; then\n    # print error to STDERR\n    echo \"error: The sandbox is not in sync with the Podfile.lock. Run 'pod install' or update your CocoaPods installation.\" >&2\n    exit 1\nfi\n# This output is used by Xcode 'outputs' to avoid re-running this script phase.\necho \"SUCCESS\" > \"${SCRIPT_OUTPUT_FILE_0}\"\n";
			showEnvVarsInLog = 0;
		};
		3123E72E222EBE77003B572C /* [CP] Embed Pods Frameworks */ = {
			isa = PBXShellScriptBuildPhase;
			buildActionMask = 2147483647;
			files = (
			);
			inputPaths = (
				"${SRCROOT}/Pods/Target Support Files/Pods-BirdBlox/Pods-BirdBlox-frameworks.sh",
				"${BUILT_PRODUCTS_DIR}/Zip/Zip.framework",
			);
			name = "[CP] Embed Pods Frameworks";
			outputPaths = (
				"${TARGET_BUILD_DIR}/${FRAMEWORKS_FOLDER_PATH}/Zip.framework",
			);
			runOnlyForDeploymentPostprocessing = 0;
			shellPath = /bin/sh;
			shellScript = "\"${SRCROOT}/Pods/Target Support Files/Pods-BirdBlox/Pods-BirdBlox-frameworks.sh\"\n";
			showEnvVarsInLog = 0;
		};
		3123E72F222EBE77003B572C /* [CP] Copy Pods Resources */ = {
			isa = PBXShellScriptBuildPhase;
			buildActionMask = 2147483647;
			files = (
			);
			inputPaths = (
			);
			name = "[CP] Copy Pods Resources";
			outputPaths = (
			);
			runOnlyForDeploymentPostprocessing = 0;
			shellPath = /bin/sh;
			shellScript = "\"${SRCROOT}/Pods/Target Support Files/Pods-BirdBlox/Pods-BirdBlox-resources.sh\"\n";
			showEnvVarsInLog = 0;
		};
		34A648280F2DC120B983B97B /* [CP] Embed Pods Frameworks */ = {
			isa = PBXShellScriptBuildPhase;
			buildActionMask = 2147483647;
			files = (
			);
			inputPaths = (
				"${SRCROOT}/Pods/Target Support Files/Pods-BirdBlox/Pods-BirdBlox-frameworks.sh",
				"${BUILT_PRODUCTS_DIR}/Zip/Zip.framework",
			);
			name = "[CP] Embed Pods Frameworks";
			outputPaths = (
				"${TARGET_BUILD_DIR}/${FRAMEWORKS_FOLDER_PATH}/Zip.framework",
			);
			runOnlyForDeploymentPostprocessing = 0;
			shellPath = /bin/sh;
			shellScript = "\"${SRCROOT}/Pods/Target Support Files/Pods-BirdBlox/Pods-BirdBlox-frameworks.sh\"\n";
			showEnvVarsInLog = 0;
		};
		3EC9D73D6B08B732DA3AAFF4 /* [CP] Copy Pods Resources */ = {
			isa = PBXShellScriptBuildPhase;
			buildActionMask = 2147483647;
			files = (
			);
			inputPaths = (
			);
			name = "[CP] Copy Pods Resources";
			outputPaths = (
			);
			runOnlyForDeploymentPostprocessing = 0;
			shellPath = /bin/sh;
			shellScript = "\"${SRCROOT}/Pods/Target Support Files/Pods-BirdBlox/Pods-BirdBlox-resources.sh\"\n";
			showEnvVarsInLog = 0;
		};
		AF272EDB977A6E683F2D4546 /* [CP] Check Pods Manifest.lock */ = {
			isa = PBXShellScriptBuildPhase;
			buildActionMask = 2147483647;
			files = (
			);
			inputPaths = (
				"${PODS_PODFILE_DIR_PATH}/Podfile.lock",
				"${PODS_ROOT}/Manifest.lock",
			);
			name = "[CP] Check Pods Manifest.lock";
			outputPaths = (
				"$(DERIVED_FILE_DIR)/Pods-BirdBlox-checkManifestLockResult.txt",
			);
			runOnlyForDeploymentPostprocessing = 0;
			shellPath = /bin/sh;
			shellScript = "diff \"${PODS_PODFILE_DIR_PATH}/Podfile.lock\" \"${PODS_ROOT}/Manifest.lock\" > /dev/null\nif [ $? != 0 ] ; then\n    # print error to STDERR\n    echo \"error: The sandbox is not in sync with the Podfile.lock. Run 'pod install' or update your CocoaPods installation.\" >&2\n    exit 1\nfi\n# This output is used by Xcode 'outputs' to avoid re-running this script phase.\necho \"SUCCESS\" > \"${SCRIPT_OUTPUT_FILE_0}\"\n";
			showEnvVarsInLog = 0;
		};
/* End PBXShellScriptBuildPhase section */

/* Begin PBXSourcesBuildPhase section */
		3123E706222EBE77003B572C /* Sources */ = {
			isa = PBXSourcesBuildPhase;
			buildActionMask = 2147483647;
			files = (
				3123E707222EBE77003B572C /* BBTBackendServer.swift in Sources */,
				3123E708222EBE77003B572C /* SharedUtilities.swift in Sources */,
				3123E709222EBE77003B572C /* BBTRobotBLEPeripheral.swift in Sources */,
				3123E70A222EBE77003B572C /* BBTRobotState.swift in Sources */,
				3123E70B222EBE77003B572C /* BBTRobotType.swift in Sources */,
				3123E70C222EBE77003B572C /* Socket.swift in Sources */,
				3123E70D222EBE77003B572C /* HttpRequest.swift in Sources */,
				3123E70E222EBE77003B572C /* DeviceUtilities.swift in Sources */,
				3123E70F222EBE77003B572C /* Errno.swift in Sources */,
				3123E710222EBE77003B572C /* BBXDocument.swift in Sources */,
				3123E711222EBE77003B572C /* AudioManager.swift in Sources */,
				3123E712222EBE77003B572C /* SettingsRequests.swift in Sources */,
				3123E713222EBE77003B572C /* PropertiesRequests.swift in Sources */,
				3123E714222EBE77003B572C /* FrontendRequests.swift in Sources */,
				3123E715222EBE77003B572C /* DataModel.swift in Sources */,
				3123E716222EBE77003B572C /* AVAudioSessionPatch.m in Sources */,
				3123E717222EBE77003B572C /* Files.swift in Sources */,
				3123E718222EBE77003B572C /* AppDelegate.swift in Sources */,
				3123E719222EBE77003B572C /* HttpResponse.swift in Sources */,
				3123E71A222EBE77003B572C /* StringExtensions.swift in Sources */,
				3123E71B222EBE77003B572C /* SoundRequests.swift in Sources */,
				3123E71C222EBE77003B572C /* DataRequests.swift in Sources */,
				3123E71D222EBE77003B572C /* RobotRequests.swift in Sources */,
				3123E71E222EBE77003B572C /* HostDeviceRequests.swift in Sources */,
				3123E71F222EBE77003B572C /* String+File.swift in Sources */,
				3123E720222EBE77003B572C /* FrontendCallbackCenter.swift in Sources */,
				3123E721222EBE77003B572C /* String+Misc.swift in Sources */,
				3123E722222EBE77003B572C /* CallbackManager.swift in Sources */,
				3123E723222EBE77003B572C /* BLECentralManager.swift in Sources */,
				3123E724222EBE77003B572C /* HttpRouter.swift in Sources */,
				3123E725222EBE77003B572C /* BBXDocumentViewController.swift in Sources */,
			);
			runOnlyForDeploymentPostprocessing = 0;
		};
		BA8169491E81A98A00AAF7A3 /* Sources */ = {
			isa = PBXSourcesBuildPhase;
			buildActionMask = 2147483647;
			files = (
				3F5F6D291EDDB3A800799277 /* BBTBackendServer.swift in Sources */,
				BAE1FDA01E920A6600304BEE /* SharedUtilities.swift in Sources */,
				3FFA170F1F1D492B0085CE71 /* BBTRobotBLEPeripheral.swift in Sources */,
				3FA7D5E31EF2E65800FE4882 /* BBTRobotState.swift in Sources */,
				31686092209A615C008D92AF /* BBTRobotType.swift in Sources */,
				31A4AF9D2108AF480097CE01 /* Socket.swift in Sources */,
				31A4AF972108AE8E0097CE01 /* HttpRequest.swift in Sources */,
				3F0E4A731ED37D3900369F70 /* DeviceUtilities.swift in Sources */,
				31A4AF9F2108AFD50097CE01 /* Errno.swift in Sources */,
				3FA4F8A71F02F2BB005EB384 /* BBXDocument.swift in Sources */,
				BA8A75991EB27CF700ECFABC /* AudioManager.swift in Sources */,
				BA8A759B1EB2817E00ECFABC /* SettingsRequests.swift in Sources */,
				3FDE24E81ED36910000BC24B /* PropertiesRequests.swift in Sources */,
				BA8169681E81B72D00AAF7A3 /* FrontendRequests.swift in Sources */,
				BA81696B1E81B7BC00AAF7A3 /* DataModel.swift in Sources */,
				31665822217A2B1D00B17C20 /* AVAudioSessionPatch.m in Sources */,
				31A4AFA12108B09C0097CE01 /* Files.swift in Sources */,
				BA8169511E81A98A00AAF7A3 /* AppDelegate.swift in Sources */,
				31A4AF992108AEC30097CE01 /* HttpResponse.swift in Sources */,
				BA81696D1E81BC3F00AAF7A3 /* StringExtensions.swift in Sources */,
				BA8A75971EB27A8C00ECFABC /* SoundRequests.swift in Sources */,
				BA8A75931EB2481F00ECFABC /* DataRequests.swift in Sources */,
				3F9F72471F223D2000C29FEB /* RobotRequests.swift in Sources */,
				BA8A75951EB2519200ECFABC /* HostDeviceRequests.swift in Sources */,
				3188E84B2108B68C00AD54AB /* String+File.swift in Sources */,
				3FEC5DA41EF987640067C41B /* FrontendCallbackCenter.swift in Sources */,
				3188E84D2108B70D00AD54AB /* String+Misc.swift in Sources */,
				3FF13C061F15692F00D1F358 /* CallbackManager.swift in Sources */,
				BAE2EBCF1E84417000198B19 /* BLECentralManager.swift in Sources */,
				31A4AF9B2108AEF50097CE01 /* HttpRouter.swift in Sources */,
				3FA4F8A91F03EE56005EB384 /* BBXDocumentViewController.swift in Sources */,
			);
			runOnlyForDeploymentPostprocessing = 0;
		};
/* End PBXSourcesBuildPhase section */

/* Begin PBXVariantGroup section */
		BA8169541E81A98A00AAF7A3 /* Main.storyboard */ = {
			isa = PBXVariantGroup;
			children = (
				BA8169551E81A98A00AAF7A3 /* Base */,
			);
			name = Main.storyboard;
			sourceTree = "<group>";
		};
		BA8169591E81A98A00AAF7A3 /* LaunchScreen.storyboard */ = {
			isa = PBXVariantGroup;
			children = (
				BA81695A1E81A98A00AAF7A3 /* Base */,
			);
			name = LaunchScreen.storyboard;
			sourceTree = "<group>";
		};
/* End PBXVariantGroup section */

/* Begin XCBuildConfiguration section */
		3123E731222EBE77003B572C /* Debug */ = {
			isa = XCBuildConfiguration;
			baseConfigurationReference = E8B8191F17118ABB8EDC2784 /* Pods-BirdBlox.debug.xcconfig */;
			buildSettings = {
				ALWAYS_EMBED_SWIFT_STANDARD_LIBRARIES = YES;
				ASSETCATALOG_COMPILER_APPICON_NAME = "AppIcon-FinchBlox";
				CLANG_ENABLE_MODULES = YES;
				CODE_SIGN_ENTITLEMENTS = BirdBlox/BirdBlox.entitlements;
				CURRENT_PROJECT_VERSION = 10;
				DEVELOPMENT_TEAM = N6XC9HC8PB;
				GCC_GENERATE_DEBUGGING_SYMBOLS = YES;
				INFOPLIST_FILE = "$(SRCROOT)/FinchBlox-Info.plist";
				IPHONEOS_DEPLOYMENT_TARGET = 9.3;
				LD_RUNPATH_SEARCH_PATHS = "$(inherited) @executable_path/Frameworks";
				MARKETING_VERSION = 0.3.2;
				OTHER_SWIFT_FLAGS = "$(inherited) \"-D\" \"COCOAPODS\" \"-DFINCHBLOX\"";
				PRODUCT_BUNDLE_IDENTIFIER = com.BirdBrainTech.FinchBlox;
				PRODUCT_NAME = "$(TARGET_NAME)";
				SWIFT_OBJC_BRIDGING_HEADER = "BirdBlox/BirdBlox-Bridging-Header.h";
				SWIFT_OPTIMIZATION_LEVEL = "-Onone";
				SWIFT_SWIFT3_OBJC_INFERENCE = Default;
				SWIFT_VERSION = 5.0;
			};
			name = Debug;
		};
		3123E732222EBE77003B572C /* Release */ = {
			isa = XCBuildConfiguration;
			baseConfigurationReference = 1CBEFB40603958D76A5BFE44 /* Pods-BirdBlox.release.xcconfig */;
			buildSettings = {
				ALWAYS_EMBED_SWIFT_STANDARD_LIBRARIES = YES;
				ASSETCATALOG_COMPILER_APPICON_NAME = "AppIcon-FinchBlox";
				CLANG_ENABLE_MODULES = YES;
				CODE_SIGN_ENTITLEMENTS = BirdBlox/BirdBlox.entitlements;
				CURRENT_PROJECT_VERSION = 10;
				DEVELOPMENT_TEAM = N6XC9HC8PB;
				GCC_GENERATE_DEBUGGING_SYMBOLS = YES;
				INFOPLIST_FILE = "$(SRCROOT)/FinchBlox-Info.plist";
				IPHONEOS_DEPLOYMENT_TARGET = 9.3;
				LD_RUNPATH_SEARCH_PATHS = "$(inherited) @executable_path/Frameworks";
				MARKETING_VERSION = 0.3.2;
				OTHER_SWIFT_FLAGS = "$(inherited) \"-D\" \"COCOAPODS\" \"-DFINCHBLOX\"";
				PRODUCT_BUNDLE_IDENTIFIER = com.BirdBrainTech.FinchBlox;
				PRODUCT_NAME = "$(TARGET_NAME)";
				SWIFT_OBJC_BRIDGING_HEADER = "BirdBlox/BirdBlox-Bridging-Header.h";
				SWIFT_SWIFT3_OBJC_INFERENCE = Default;
				SWIFT_VERSION = 5.0;
			};
			name = Release;
		};
		BA81695D1E81A98A00AAF7A3 /* Debug */ = {
			isa = XCBuildConfiguration;
			buildSettings = {
				ALWAYS_SEARCH_USER_PATHS = NO;
				CLANG_ANALYZER_NONNULL = YES;
				CLANG_CXX_LANGUAGE_STANDARD = "gnu++0x";
				CLANG_CXX_LIBRARY = "libc++";
				CLANG_ENABLE_MODULES = YES;
				CLANG_ENABLE_OBJC_ARC = YES;
				CLANG_WARN_BLOCK_CAPTURE_AUTORELEASING = YES;
				CLANG_WARN_BOOL_CONVERSION = YES;
				CLANG_WARN_COMMA = YES;
				CLANG_WARN_CONSTANT_CONVERSION = YES;
				CLANG_WARN_DEPRECATED_OBJC_IMPLEMENTATIONS = YES;
				CLANG_WARN_DIRECT_OBJC_ISA_USAGE = YES_ERROR;
				CLANG_WARN_DOCUMENTATION_COMMENTS = YES;
				CLANG_WARN_EMPTY_BODY = YES;
				CLANG_WARN_ENUM_CONVERSION = YES;
				CLANG_WARN_INFINITE_RECURSION = YES;
				CLANG_WARN_INT_CONVERSION = YES;
				CLANG_WARN_NON_LITERAL_NULL_CONVERSION = YES;
				CLANG_WARN_OBJC_IMPLICIT_RETAIN_SELF = YES;
				CLANG_WARN_OBJC_LITERAL_CONVERSION = YES;
				CLANG_WARN_OBJC_ROOT_CLASS = YES_ERROR;
				CLANG_WARN_RANGE_LOOP_ANALYSIS = YES;
				CLANG_WARN_STRICT_PROTOTYPES = YES;
				CLANG_WARN_SUSPICIOUS_MOVE = YES;
				CLANG_WARN_UNREACHABLE_CODE = YES;
				CLANG_WARN__DUPLICATE_METHOD_MATCH = YES;
				"CODE_SIGN_IDENTITY[sdk=iphoneos*]" = "iPhone Developer";
				COPY_PHASE_STRIP = NO;
				DEBUG_INFORMATION_FORMAT = dwarf;
				ENABLE_STRICT_OBJC_MSGSEND = YES;
				ENABLE_TESTABILITY = YES;
				GCC_C_LANGUAGE_STANDARD = gnu99;
				GCC_DYNAMIC_NO_PIC = NO;
				GCC_NO_COMMON_BLOCKS = YES;
				GCC_OPTIMIZATION_LEVEL = 0;
				GCC_PREPROCESSOR_DEFINITIONS = (
					"DEBUG=1",
					"$(inherited)",
				);
				GCC_WARN_64_TO_32_BIT_CONVERSION = YES;
				GCC_WARN_ABOUT_RETURN_TYPE = YES_ERROR;
				GCC_WARN_UNDECLARED_SELECTOR = YES;
				GCC_WARN_UNINITIALIZED_AUTOS = YES_AGGRESSIVE;
				GCC_WARN_UNUSED_FUNCTION = YES;
				GCC_WARN_UNUSED_VARIABLE = YES;
				IPHONEOS_DEPLOYMENT_TARGET = 9.3;
				MTL_ENABLE_DEBUG_INFO = YES;
				ONLY_ACTIVE_ARCH = YES;
				SDKROOT = iphoneos;
				SWIFT_ACTIVE_COMPILATION_CONDITIONS = DEBUG;
				SWIFT_OPTIMIZATION_LEVEL = "-Onone";
				TARGETED_DEVICE_FAMILY = "1,2";
			};
			name = Debug;
		};
		BA81695E1E81A98A00AAF7A3 /* Release */ = {
			isa = XCBuildConfiguration;
			buildSettings = {
				ALWAYS_SEARCH_USER_PATHS = NO;
				CLANG_ANALYZER_NONNULL = YES;
				CLANG_CXX_LANGUAGE_STANDARD = "gnu++0x";
				CLANG_CXX_LIBRARY = "libc++";
				CLANG_ENABLE_MODULES = YES;
				CLANG_ENABLE_OBJC_ARC = YES;
				CLANG_WARN_BLOCK_CAPTURE_AUTORELEASING = YES;
				CLANG_WARN_BOOL_CONVERSION = YES;
				CLANG_WARN_COMMA = YES;
				CLANG_WARN_CONSTANT_CONVERSION = YES;
				CLANG_WARN_DEPRECATED_OBJC_IMPLEMENTATIONS = YES;
				CLANG_WARN_DIRECT_OBJC_ISA_USAGE = YES_ERROR;
				CLANG_WARN_DOCUMENTATION_COMMENTS = YES;
				CLANG_WARN_EMPTY_BODY = YES;
				CLANG_WARN_ENUM_CONVERSION = YES;
				CLANG_WARN_INFINITE_RECURSION = YES;
				CLANG_WARN_INT_CONVERSION = YES;
				CLANG_WARN_NON_LITERAL_NULL_CONVERSION = YES;
				CLANG_WARN_OBJC_IMPLICIT_RETAIN_SELF = YES;
				CLANG_WARN_OBJC_LITERAL_CONVERSION = YES;
				CLANG_WARN_OBJC_ROOT_CLASS = YES_ERROR;
				CLANG_WARN_RANGE_LOOP_ANALYSIS = YES;
				CLANG_WARN_STRICT_PROTOTYPES = YES;
				CLANG_WARN_SUSPICIOUS_MOVE = YES;
				CLANG_WARN_UNREACHABLE_CODE = YES;
				CLANG_WARN__DUPLICATE_METHOD_MATCH = YES;
				"CODE_SIGN_IDENTITY[sdk=iphoneos*]" = "iPhone Developer";
				COPY_PHASE_STRIP = NO;
				DEBUG_INFORMATION_FORMAT = "dwarf-with-dsym";
				ENABLE_NS_ASSERTIONS = NO;
				ENABLE_STRICT_OBJC_MSGSEND = YES;
				GCC_C_LANGUAGE_STANDARD = gnu99;
				GCC_NO_COMMON_BLOCKS = YES;
				GCC_WARN_64_TO_32_BIT_CONVERSION = YES;
				GCC_WARN_ABOUT_RETURN_TYPE = YES_ERROR;
				GCC_WARN_UNDECLARED_SELECTOR = YES;
				GCC_WARN_UNINITIALIZED_AUTOS = YES_AGGRESSIVE;
				GCC_WARN_UNUSED_FUNCTION = YES;
				GCC_WARN_UNUSED_VARIABLE = YES;
				IPHONEOS_DEPLOYMENT_TARGET = 9.3;
				MTL_ENABLE_DEBUG_INFO = NO;
				SDKROOT = iphoneos;
				SWIFT_OPTIMIZATION_LEVEL = "-Owholemodule";
				TARGETED_DEVICE_FAMILY = "1,2";
				VALIDATE_PRODUCT = YES;
			};
			name = Release;
		};
		BA8169601E81A98A00AAF7A3 /* Debug */ = {
			isa = XCBuildConfiguration;
			baseConfigurationReference = E8B8191F17118ABB8EDC2784 /* Pods-BirdBlox.debug.xcconfig */;
			buildSettings = {
				ALWAYS_EMBED_SWIFT_STANDARD_LIBRARIES = YES;
				ASSETCATALOG_COMPILER_APPICON_NAME = AppIcon;
				CLANG_ENABLE_MODULES = YES;
				CODE_SIGN_ENTITLEMENTS = BirdBlox/BirdBlox.entitlements;
				CURRENT_PROJECT_VERSION = 40;
				DEVELOPMENT_TEAM = N6XC9HC8PB;
				GCC_GENERATE_DEBUGGING_SYMBOLS = YES;
				INFOPLIST_FILE = BirdBlox/Info.plist;
				IPHONEOS_DEPLOYMENT_TARGET = 9.3;
				LD_RUNPATH_SEARCH_PATHS = "$(inherited) @executable_path/Frameworks";
				MARKETING_VERSION = 1.3.23;
				PRODUCT_BUNDLE_IDENTIFIER = "com.BirdBrainTech.HB-Drag-and-Drop";
				PRODUCT_NAME = "$(TARGET_NAME)";
				SWIFT_OBJC_BRIDGING_HEADER = "BirdBlox/BirdBlox-Bridging-Header.h";
				SWIFT_OPTIMIZATION_LEVEL = "-Onone";
				SWIFT_SWIFT3_OBJC_INFERENCE = Default;
				SWIFT_VERSION = 5.0;
			};
			name = Debug;
		};
		BA8169611E81A98A00AAF7A3 /* Release */ = {
			isa = XCBuildConfiguration;
			baseConfigurationReference = 1CBEFB40603958D76A5BFE44 /* Pods-BirdBlox.release.xcconfig */;
			buildSettings = {
				ALWAYS_EMBED_SWIFT_STANDARD_LIBRARIES = YES;
				ASSETCATALOG_COMPILER_APPICON_NAME = AppIcon;
				CLANG_ENABLE_MODULES = YES;
				CODE_SIGN_ENTITLEMENTS = BirdBlox/BirdBlox.entitlements;
				CURRENT_PROJECT_VERSION = 40;
				DEVELOPMENT_TEAM = N6XC9HC8PB;
				GCC_GENERATE_DEBUGGING_SYMBOLS = YES;
				INFOPLIST_FILE = BirdBlox/Info.plist;
				IPHONEOS_DEPLOYMENT_TARGET = 9.3;
				LD_RUNPATH_SEARCH_PATHS = "$(inherited) @executable_path/Frameworks";
				MARKETING_VERSION = 1.3.23;
				PRODUCT_BUNDLE_IDENTIFIER = "com.BirdBrainTech.HB-Drag-and-Drop";
				PRODUCT_NAME = "$(TARGET_NAME)";
				SWIFT_OBJC_BRIDGING_HEADER = "BirdBlox/BirdBlox-Bridging-Header.h";
				SWIFT_SWIFT3_OBJC_INFERENCE = Default;
				SWIFT_VERSION = 5.0;
			};
			name = Release;
		};
/* End XCBuildConfiguration section */

/* Begin XCConfigurationList section */
		3123E730222EBE77003B572C /* Build configuration list for PBXNativeTarget "FinchBlox" */ = {
			isa = XCConfigurationList;
			buildConfigurations = (
				3123E731222EBE77003B572C /* Debug */,
				3123E732222EBE77003B572C /* Release */,
			);
			defaultConfigurationIsVisible = 0;
			defaultConfigurationName = Release;
		};
		BA8169481E81A98A00AAF7A3 /* Build configuration list for PBXProject "BirdBlox" */ = {
			isa = XCConfigurationList;
			buildConfigurations = (
				BA81695D1E81A98A00AAF7A3 /* Debug */,
				BA81695E1E81A98A00AAF7A3 /* Release */,
			);
			defaultConfigurationIsVisible = 0;
			defaultConfigurationName = Release;
		};
		BA81695F1E81A98A00AAF7A3 /* Build configuration list for PBXNativeTarget "BirdBlox" */ = {
			isa = XCConfigurationList;
			buildConfigurations = (
				BA8169601E81A98A00AAF7A3 /* Debug */,
				BA8169611E81A98A00AAF7A3 /* Release */,
			);
			defaultConfigurationIsVisible = 0;
			defaultConfigurationName = Release;
		};
/* End XCConfigurationList section */
	};
	rootObject = BA8169451E81A98A00AAF7A3 /* Project object */;
}
