// !$*UTF8*$!
{
	archiveVersion = 1;
	classes = {
	};
	objectVersion = 46;
	objects = {

/* Begin PBXBuildFile section */
		BA0549401B4AF2EA00A6FA8B /* CoreData.framework in Frameworks */ = {isa = PBXBuildFile; fileRef = BA05493F1B4AF2EA00A6FA8B /* CoreData.framework */; };
		BA054A011B541E9500A6FA8B /* Info.plist in Resources */ = {isa = PBXBuildFile; fileRef = BA0549F31B541E9500A6FA8B /* Info.plist */; };
		BA054A021B541E9500A6FA8B /* Main.m in Sources */ = {isa = PBXBuildFile; fileRef = BA0549F51B541E9500A6FA8B /* Main.m */; };
		BA054A031B541E9500A6FA8B /* ioapi.c in Sources */ = {isa = PBXBuildFile; fileRef = BA0549F81B541E9500A6FA8B /* ioapi.c */; };
		BA054A041B541E9500A6FA8B /* mztools.c in Sources */ = {isa = PBXBuildFile; fileRef = BA0549FA1B541E9500A6FA8B /* mztools.c */; };
		BA054A051B541E9500A6FA8B /* unzip.c in Sources */ = {isa = PBXBuildFile; fileRef = BA0549FC1B541E9500A6FA8B /* unzip.c */; };
		BA054A061B541E9500A6FA8B /* zip.c in Sources */ = {isa = PBXBuildFile; fileRef = BA0549FE1B541E9500A6FA8B /* zip.c */; };
		BA054A081B541EA200A6FA8B /* LICENSE.txt in Resources */ = {isa = PBXBuildFile; fileRef = BA054A071B541EA200A6FA8B /* LICENSE.txt */; };
		BA054A0A1B54354200A6FA8B /* DocumentManager.swift in Sources */ = {isa = PBXBuildFile; fileRef = BA054A091B54354200A6FA8B /* DocumentManager.swift */; };
		BA27E2C31B3C960000A0DF58 /* BluetoothDiscovery.swift in Sources */ = {isa = PBXBuildFile; fileRef = BA27E2BF1B3C960000A0DF58 /* BluetoothDiscovery.swift */; };
		BA27E2C41B3C960000A0DF58 /* BluetoothService.swift in Sources */ = {isa = PBXBuildFile; fileRef = BA27E2C01B3C960000A0DF58 /* BluetoothService.swift */; };
		BA27E2C51B3C960000A0DF58 /* HummingbirdServices.swift in Sources */ = {isa = PBXBuildFile; fileRef = BA27E2C11B3C960000A0DF58 /* HummingbirdServices.swift */; };
		BA27E2C61B3C960000A0DF58 /* Utility.swift in Sources */ = {isa = PBXBuildFile; fileRef = BA27E2C21B3C960000A0DF58 /* Utility.swift */; };
		BA27E2C81B3CA18800A0DF58 /* LICENSE in Resources */ = {isa = PBXBuildFile; fileRef = BA27E2C71B3CA18800A0DF58 /* LICENSE */; };
		BA7F0A761B25E5D2007DD94E /* AVFoundation.framework in Frameworks */ = {isa = PBXBuildFile; fileRef = BA7F0A751B25E5D2007DD94E /* AVFoundation.framework */; };
		BA88B62E1B2233C9009EF1C3 /* AppDelegate.swift in Sources */ = {isa = PBXBuildFile; fileRef = BA88B62D1B2233C9009EF1C3 /* AppDelegate.swift */; };
		BA88B6301B2233C9009EF1C3 /* ViewController.swift in Sources */ = {isa = PBXBuildFile; fileRef = BA88B62F1B2233C9009EF1C3 /* ViewController.swift */; };
		BA88B6351B2233C9009EF1C3 /* Images.xcassets in Resources */ = {isa = PBXBuildFile; fileRef = BA88B6341B2233C9009EF1C3 /* Images.xcassets */; };
		BA88B6381B2233C9009EF1C3 /* LaunchScreen.xib in Resources */ = {isa = PBXBuildFile; fileRef = BA88B6361B2233C9009EF1C3 /* LaunchScreen.xib */; };
		BA88B65A1B223990009EF1C3 /* ConnectionViewController.swift in Sources */ = {isa = PBXBuildFile; fileRef = BA88B6581B223990009EF1C3 /* ConnectionViewController.swift */; };
		BA88B65B1B223990009EF1C3 /* Main.storyboard in Resources */ = {isa = PBXBuildFile; fileRef = BA88B6591B223990009EF1C3 /* Main.storyboard */; };
		BA95C01A1BBEE1DC003AEC1A /* HttpHandlers.swift in Sources */ = {isa = PBXBuildFile; fileRef = BA95C0191BBEE1DC003AEC1A /* HttpHandlers.swift */; };
		BA95C0201BBEE2CE003AEC1A /* HttpParser.swift in Sources */ = {isa = PBXBuildFile; fileRef = BA95C01B1BBEE2CE003AEC1A /* HttpParser.swift */; };
		BA95C0211BBEE2CE003AEC1A /* HttpRequest.swift in Sources */ = {isa = PBXBuildFile; fileRef = BA95C01C1BBEE2CE003AEC1A /* HttpRequest.swift */; };
		BA95C0221BBEE2CE003AEC1A /* HttpResponse.swift in Sources */ = {isa = PBXBuildFile; fileRef = BA95C01D1BBEE2CE003AEC1A /* HttpResponse.swift */; };
		BA95C0231BBEE2CE003AEC1A /* HttpServer.swift in Sources */ = {isa = PBXBuildFile; fileRef = BA95C01E1BBEE2CE003AEC1A /* HttpServer.swift */; };
		BA95C0241BBEE2CE003AEC1A /* Socket.swift in Sources */ = {isa = PBXBuildFile; fileRef = BA95C01F1BBEE2CE003AEC1A /* Socket.swift */; };
		BA95C0261BBEF609003AEC1A /* libz.1.2.5.tbd in Frameworks */ = {isa = PBXBuildFile; fileRef = BA95C0251BBEF609003AEC1A /* libz.1.2.5.tbd */; };
		BA95C0281BBEF61A003AEC1A /* libsqlite3.tbd in Frameworks */ = {isa = PBXBuildFile; fileRef = BA95C0271BBEF61A003AEC1A /* libsqlite3.tbd */; };
/* End PBXBuildFile section */

/* Begin PBXCopyFilesBuildPhase section */
		BA88B6511B223408009EF1C3 /* Embed Frameworks */ = {
			isa = PBXCopyFilesBuildPhase;
			buildActionMask = 2147483647;
			dstPath = "";
			dstSubfolderSpec = 10;
			files = (
			);
			name = "Embed Frameworks";
			runOnlyForDeploymentPostprocessing = 0;
		};
/* End PBXCopyFilesBuildPhase section */

/* Begin PBXFileReference section */
		BA05493F1B4AF2EA00A6FA8B /* CoreData.framework */ = {isa = PBXFileReference; lastKnownFileType = wrapper.framework; name = CoreData.framework; path = System/Library/Frameworks/CoreData.framework; sourceTree = SDKROOT; };
		BA0549F11B541D4F00A6FA8B /* Header.h */ = {isa = PBXFileReference; fileEncoding = 4; lastKnownFileType = sourcecode.c.h; path = Header.h; sourceTree = "<group>"; };
		BA0549F31B541E9500A6FA8B /* Info.plist */ = {isa = PBXFileReference; fileEncoding = 4; lastKnownFileType = text.plist.xml; path = Info.plist; sourceTree = "<group>"; };
		BA0549F41B541E9500A6FA8B /* Main.h */ = {isa = PBXFileReference; fileEncoding = 4; lastKnownFileType = sourcecode.c.h; path = Main.h; sourceTree = "<group>"; };
		BA0549F51B541E9500A6FA8B /* Main.m */ = {isa = PBXFileReference; fileEncoding = 4; lastKnownFileType = sourcecode.c.objc; path = Main.m; sourceTree = "<group>"; };
		BA0549F71B541E9500A6FA8B /* crypt.h */ = {isa = PBXFileReference; fileEncoding = 4; lastKnownFileType = sourcecode.c.h; path = crypt.h; sourceTree = "<group>"; };
		BA0549F81B541E9500A6FA8B /* ioapi.c */ = {isa = PBXFileReference; fileEncoding = 4; lastKnownFileType = sourcecode.c.c; path = ioapi.c; sourceTree = "<group>"; };
		BA0549F91B541E9500A6FA8B /* ioapi.h */ = {isa = PBXFileReference; fileEncoding = 4; lastKnownFileType = sourcecode.c.h; path = ioapi.h; sourceTree = "<group>"; };
		BA0549FA1B541E9500A6FA8B /* mztools.c */ = {isa = PBXFileReference; fileEncoding = 4; lastKnownFileType = sourcecode.c.c; path = mztools.c; sourceTree = "<group>"; };
		BA0549FB1B541E9500A6FA8B /* mztools.h */ = {isa = PBXFileReference; fileEncoding = 4; lastKnownFileType = sourcecode.c.h; path = mztools.h; sourceTree = "<group>"; };
		BA0549FC1B541E9500A6FA8B /* unzip.c */ = {isa = PBXFileReference; fileEncoding = 4; lastKnownFileType = sourcecode.c.c; path = unzip.c; sourceTree = "<group>"; };
		BA0549FD1B541E9500A6FA8B /* unzip.h */ = {isa = PBXFileReference; fileEncoding = 4; lastKnownFileType = sourcecode.c.h; path = unzip.h; sourceTree = "<group>"; };
		BA0549FE1B541E9500A6FA8B /* zip.c */ = {isa = PBXFileReference; fileEncoding = 4; lastKnownFileType = sourcecode.c.c; path = zip.c; sourceTree = "<group>"; };
		BA0549FF1B541E9500A6FA8B /* zip.h */ = {isa = PBXFileReference; fileEncoding = 4; lastKnownFileType = sourcecode.c.h; path = zip.h; sourceTree = "<group>"; };
		BA054A001B541E9500A6FA8B /* ZipArchive.h */ = {isa = PBXFileReference; fileEncoding = 4; lastKnownFileType = sourcecode.c.h; path = ZipArchive.h; sourceTree = "<group>"; };
		BA054A071B541EA200A6FA8B /* LICENSE.txt */ = {isa = PBXFileReference; fileEncoding = 4; lastKnownFileType = text; path = LICENSE.txt; sourceTree = "<group>"; };
		BA054A091B54354200A6FA8B /* DocumentManager.swift */ = {isa = PBXFileReference; fileEncoding = 4; lastKnownFileType = sourcecode.swift; path = DocumentManager.swift; sourceTree = "<group>"; };
		BA27E2BF1B3C960000A0DF58 /* BluetoothDiscovery.swift */ = {isa = PBXFileReference; fileEncoding = 4; lastKnownFileType = sourcecode.swift; path = BluetoothDiscovery.swift; sourceTree = "<group>"; };
		BA27E2C01B3C960000A0DF58 /* BluetoothService.swift */ = {isa = PBXFileReference; fileEncoding = 4; lastKnownFileType = sourcecode.swift; path = BluetoothService.swift; sourceTree = "<group>"; };
		BA27E2C11B3C960000A0DF58 /* HummingbirdServices.swift */ = {isa = PBXFileReference; fileEncoding = 4; lastKnownFileType = sourcecode.swift; path = HummingbirdServices.swift; sourceTree = "<group>"; };
		BA27E2C21B3C960000A0DF58 /* Utility.swift */ = {isa = PBXFileReference; fileEncoding = 4; lastKnownFileType = sourcecode.swift; path = Utility.swift; sourceTree = "<group>"; };
		BA27E2C71B3CA18800A0DF58 /* LICENSE */ = {isa = PBXFileReference; fileEncoding = 4; lastKnownFileType = text; path = LICENSE; sourceTree = "<group>"; };
		BA7F0A751B25E5D2007DD94E /* AVFoundation.framework */ = {isa = PBXFileReference; lastKnownFileType = wrapper.framework; name = AVFoundation.framework; path = System/Library/Frameworks/AVFoundation.framework; sourceTree = SDKROOT; };
		BA88B6281B2233C9009EF1C3 /* Hummingbird Drag and Drop.app */ = {isa = PBXFileReference; explicitFileType = wrapper.application; includeInIndex = 0; path = "Hummingbird Drag and Drop.app"; sourceTree = BUILT_PRODUCTS_DIR; };
		BA88B62C1B2233C9009EF1C3 /* Info.plist */ = {isa = PBXFileReference; lastKnownFileType = text.plist.xml; path = Info.plist; sourceTree = "<group>"; };
		BA88B62D1B2233C9009EF1C3 /* AppDelegate.swift */ = {isa = PBXFileReference; lastKnownFileType = sourcecode.swift; path = AppDelegate.swift; sourceTree = "<group>"; };
		BA88B62F1B2233C9009EF1C3 /* ViewController.swift */ = {isa = PBXFileReference; lastKnownFileType = sourcecode.swift; path = ViewController.swift; sourceTree = "<group>"; };
		BA88B6341B2233C9009EF1C3 /* Images.xcassets */ = {isa = PBXFileReference; lastKnownFileType = folder.assetcatalog; path = Images.xcassets; sourceTree = "<group>"; };
		BA88B6371B2233C9009EF1C3 /* Base */ = {isa = PBXFileReference; lastKnownFileType = file.xib; name = Base; path = Base.lproj/LaunchScreen.xib; sourceTree = "<group>"; };
		BA88B6581B223990009EF1C3 /* ConnectionViewController.swift */ = {isa = PBXFileReference; fileEncoding = 4; lastKnownFileType = sourcecode.swift; path = ConnectionViewController.swift; sourceTree = "<group>"; };
		BA88B6591B223990009EF1C3 /* Main.storyboard */ = {isa = PBXFileReference; fileEncoding = 4; lastKnownFileType = file.storyboard; path = Main.storyboard; sourceTree = "<group>"; };
		BA95C0191BBEE1DC003AEC1A /* HttpHandlers.swift */ = {isa = PBXFileReference; fileEncoding = 4; lastKnownFileType = sourcecode.swift; path = HttpHandlers.swift; sourceTree = "<group>"; };
		BA95C01B1BBEE2CE003AEC1A /* HttpParser.swift */ = {isa = PBXFileReference; fileEncoding = 4; lastKnownFileType = sourcecode.swift; path = HttpParser.swift; sourceTree = "<group>"; };
		BA95C01C1BBEE2CE003AEC1A /* HttpRequest.swift */ = {isa = PBXFileReference; fileEncoding = 4; lastKnownFileType = sourcecode.swift; path = HttpRequest.swift; sourceTree = "<group>"; };
		BA95C01D1BBEE2CE003AEC1A /* HttpResponse.swift */ = {isa = PBXFileReference; fileEncoding = 4; lastKnownFileType = sourcecode.swift; path = HttpResponse.swift; sourceTree = "<group>"; };
		BA95C01E1BBEE2CE003AEC1A /* HttpServer.swift */ = {isa = PBXFileReference; fileEncoding = 4; lastKnownFileType = sourcecode.swift; path = HttpServer.swift; sourceTree = "<group>"; };
		BA95C01F1BBEE2CE003AEC1A /* Socket.swift */ = {isa = PBXFileReference; fileEncoding = 4; lastKnownFileType = sourcecode.swift; path = Socket.swift; sourceTree = "<group>"; };
		BA95C0251BBEF609003AEC1A /* libz.1.2.5.tbd */ = {isa = PBXFileReference; lastKnownFileType = "sourcecode.text-based-dylib-definition"; name = libz.1.2.5.tbd; path = usr/lib/libz.1.2.5.tbd; sourceTree = SDKROOT; };
		BA95C0271BBEF61A003AEC1A /* libsqlite3.tbd */ = {isa = PBXFileReference; lastKnownFileType = "sourcecode.text-based-dylib-definition"; name = libsqlite3.tbd; path = usr/lib/libsqlite3.tbd; sourceTree = SDKROOT; };
/* End PBXFileReference section */

/* Begin PBXFrameworksBuildPhase section */
		BA88B6251B2233C9009EF1C3 /* Frameworks */ = {
			isa = PBXFrameworksBuildPhase;
			buildActionMask = 2147483647;
			files = (
				BA95C0281BBEF61A003AEC1A /* libsqlite3.tbd in Frameworks */,
				BA95C0261BBEF609003AEC1A /* libz.1.2.5.tbd in Frameworks */,
				BA0549401B4AF2EA00A6FA8B /* CoreData.framework in Frameworks */,
				BA7F0A761B25E5D2007DD94E /* AVFoundation.framework in Frameworks */,
			);
			runOnlyForDeploymentPostprocessing = 0;
		};
/* End PBXFrameworksBuildPhase section */

/* Begin PBXGroup section */
		BA0549F21B541E9500A6FA8B /* ZipArchive */ = {
			isa = PBXGroup;
			children = (
				BA054A071B541EA200A6FA8B /* LICENSE.txt */,
				BA0549F31B541E9500A6FA8B /* Info.plist */,
				BA0549F41B541E9500A6FA8B /* Main.h */,
				BA0549F51B541E9500A6FA8B /* Main.m */,
				BA0549F61B541E9500A6FA8B /* minizip */,
				BA054A001B541E9500A6FA8B /* ZipArchive.h */,
			);
			path = ZipArchive;
			sourceTree = "<group>";
		};
		BA0549F61B541E9500A6FA8B /* minizip */ = {
			isa = PBXGroup;
			children = (
				BA0549F71B541E9500A6FA8B /* crypt.h */,
				BA0549F81B541E9500A6FA8B /* ioapi.c */,
				BA0549F91B541E9500A6FA8B /* ioapi.h */,
				BA0549FA1B541E9500A6FA8B /* mztools.c */,
				BA0549FB1B541E9500A6FA8B /* mztools.h */,
				BA0549FC1B541E9500A6FA8B /* unzip.c */,
				BA0549FD1B541E9500A6FA8B /* unzip.h */,
				BA0549FE1B541E9500A6FA8B /* zip.c */,
				BA0549FF1B541E9500A6FA8B /* zip.h */,
			);
			path = minizip;
			sourceTree = "<group>";
		};
		BA7F0A541B25D0D9007DD94E /* Swifter */ = {
			isa = PBXGroup;
			children = (
				BA95C0191BBEE1DC003AEC1A /* HttpHandlers.swift */,
				BA95C01B1BBEE2CE003AEC1A /* HttpParser.swift */,
				BA95C01C1BBEE2CE003AEC1A /* HttpRequest.swift */,
				BA95C01D1BBEE2CE003AEC1A /* HttpResponse.swift */,
				BA95C01E1BBEE2CE003AEC1A /* HttpServer.swift */,
				BA95C01F1BBEE2CE003AEC1A /* Socket.swift */,
				BA27E2C71B3CA18800A0DF58 /* LICENSE */,
			);
			path = Swifter;
			sourceTree = "<group>";
		};
		BA88B61F1B2233C9009EF1C3 = {
			isa = PBXGroup;
			children = (
				BA95C0271BBEF61A003AEC1A /* libsqlite3.tbd */,
				BA95C0251BBEF609003AEC1A /* libz.1.2.5.tbd */,
				BA05493F1B4AF2EA00A6FA8B /* CoreData.framework */,
				BA7F0A751B25E5D2007DD94E /* AVFoundation.framework */,
				BA0549F21B541E9500A6FA8B /* ZipArchive */,
				BA7F0A541B25D0D9007DD94E /* Swifter */,
				BA88B62A1B2233C9009EF1C3 /* Hummingbird Drag and Drop */,
				BA88B6291B2233C9009EF1C3 /* Products */,
			);
			sourceTree = "<group>";
		};
		BA88B6291B2233C9009EF1C3 /* Products */ = {
			isa = PBXGroup;
			children = (
				BA88B6281B2233C9009EF1C3 /* Hummingbird Drag and Drop.app */,
			);
			name = Products;
			sourceTree = "<group>";
		};
		BA88B62A1B2233C9009EF1C3 /* Hummingbird Drag and Drop */ = {
			isa = PBXGroup;
			children = (
				BA0549F11B541D4F00A6FA8B /* Header.h */,
				BA27E2BF1B3C960000A0DF58 /* BluetoothDiscovery.swift */,
				BA27E2C01B3C960000A0DF58 /* BluetoothService.swift */,
				BA27E2C11B3C960000A0DF58 /* HummingbirdServices.swift */,
				BA27E2C21B3C960000A0DF58 /* Utility.swift */,
				BA88B62D1B2233C9009EF1C3 /* AppDelegate.swift */,
				BA88B62F1B2233C9009EF1C3 /* ViewController.swift */,
				BA88B6581B223990009EF1C3 /* ConnectionViewController.swift */,
				BA054A091B54354200A6FA8B /* DocumentManager.swift */,
				BA88B6591B223990009EF1C3 /* Main.storyboard */,
				BA88B6341B2233C9009EF1C3 /* Images.xcassets */,
				BA88B6361B2233C9009EF1C3 /* LaunchScreen.xib */,
				BA88B62B1B2233C9009EF1C3 /* Supporting Files */,
			);
			path = "Hummingbird Drag and Drop";
			sourceTree = "<group>";
		};
		BA88B62B1B2233C9009EF1C3 /* Supporting Files */ = {
			isa = PBXGroup;
			children = (
				BA88B62C1B2233C9009EF1C3 /* Info.plist */,
			);
			name = "Supporting Files";
			sourceTree = "<group>";
		};
/* End PBXGroup section */

/* Begin PBXNativeTarget section */
		BA88B6271B2233C9009EF1C3 /* Hummingbird Drag and Drop */ = {
			isa = PBXNativeTarget;
			buildConfigurationList = BA88B6471B2233C9009EF1C3 /* Build configuration list for PBXNativeTarget "Hummingbird Drag and Drop" */;
			buildPhases = (
				BA88B6241B2233C9009EF1C3 /* Sources */,
				BA88B6251B2233C9009EF1C3 /* Frameworks */,
				BA88B6261B2233C9009EF1C3 /* Resources */,
				BA88B6511B223408009EF1C3 /* Embed Frameworks */,
			);
			buildRules = (
			);
			dependencies = (
			);
			name = "Hummingbird Drag and Drop";
			productName = "Snap for Hummingbird";
			productReference = BA88B6281B2233C9009EF1C3 /* Hummingbird Drag and Drop.app */;
			productType = "com.apple.product-type.application";
		};
/* End PBXNativeTarget section */

/* Begin PBXProject section */
		BA88B6201B2233C9009EF1C3 /* Project object */ = {
			isa = PBXProject;
			attributes = {
				LastSwiftUpdateCheck = 0700;
				LastUpgradeCheck = 0700;
				ORGANIZATIONNAME = "Birdbrain Technologies LLC.";
				TargetAttributes = {
					BA88B6271B2233C9009EF1C3 = {
						CreatedOnToolsVersion = 6.3.2;
						DevelopmentTeam = N6XC9HC8PB;
						SystemCapabilities = {
							com.apple.BackgroundModes = {
								enabled = 0;
							};
						};
					};
				};
			};
			buildConfigurationList = BA88B6231B2233C9009EF1C3 /* Build configuration list for PBXProject "Hummingbird Drag and Drop" */;
			compatibilityVersion = "Xcode 3.2";
			developmentRegion = English;
			hasScannedForEncodings = 0;
			knownRegions = (
				en,
				Base,
			);
			mainGroup = BA88B61F1B2233C9009EF1C3;
			productRefGroup = BA88B6291B2233C9009EF1C3 /* Products */;
			projectDirPath = "";
			projectRoot = "";
			targets = (
				BA88B6271B2233C9009EF1C3 /* Hummingbird Drag and Drop */,
			);
		};
/* End PBXProject section */

/* Begin PBXResourcesBuildPhase section */
		BA88B6261B2233C9009EF1C3 /* Resources */ = {
			isa = PBXResourcesBuildPhase;
			buildActionMask = 2147483647;
			files = (
				BA88B6381B2233C9009EF1C3 /* LaunchScreen.xib in Resources */,
				BA88B6351B2233C9009EF1C3 /* Images.xcassets in Resources */,
				BA054A081B541EA200A6FA8B /* LICENSE.txt in Resources */,
				BA27E2C81B3CA18800A0DF58 /* LICENSE in Resources */,
				BA88B65B1B223990009EF1C3 /* Main.storyboard in Resources */,
				BA054A011B541E9500A6FA8B /* Info.plist in Resources */,
			);
			runOnlyForDeploymentPostprocessing = 0;
		};
/* End PBXResourcesBuildPhase section */

/* Begin PBXSourcesBuildPhase section */
		BA88B6241B2233C9009EF1C3 /* Sources */ = {
			isa = PBXSourcesBuildPhase;
			buildActionMask = 2147483647;
			files = (
				BA27E2C41B3C960000A0DF58 /* BluetoothService.swift in Sources */,
				BA054A031B541E9500A6FA8B /* ioapi.c in Sources */,
				BA95C0231BBEE2CE003AEC1A /* HttpServer.swift in Sources */,
				BA95C0221BBEE2CE003AEC1A /* HttpResponse.swift in Sources */,
				BA95C0201BBEE2CE003AEC1A /* HttpParser.swift in Sources */,
				BA054A0A1B54354200A6FA8B /* DocumentManager.swift in Sources */,
				BA95C01A1BBEE1DC003AEC1A /* HttpHandlers.swift in Sources */,
				BA88B6301B2233C9009EF1C3 /* ViewController.swift in Sources */,
				BA88B62E1B2233C9009EF1C3 /* AppDelegate.swift in Sources */,
				BA95C0241BBEE2CE003AEC1A /* Socket.swift in Sources */,
				BA88B65A1B223990009EF1C3 /* ConnectionViewController.swift in Sources */,
				BA054A061B541E9500A6FA8B /* zip.c in Sources */,
				BA27E2C31B3C960000A0DF58 /* BluetoothDiscovery.swift in Sources */,
				BA27E2C61B3C960000A0DF58 /* Utility.swift in Sources */,
				BA054A041B541E9500A6FA8B /* mztools.c in Sources */,
				BA054A051B541E9500A6FA8B /* unzip.c in Sources */,
				BA054A021B541E9500A6FA8B /* Main.m in Sources */,
				BA95C0211BBEE2CE003AEC1A /* HttpRequest.swift in Sources */,
				BA27E2C51B3C960000A0DF58 /* HummingbirdServices.swift in Sources */,
			);
			runOnlyForDeploymentPostprocessing = 0;
		};
/* End PBXSourcesBuildPhase section */

/* Begin PBXVariantGroup section */
		BA88B6361B2233C9009EF1C3 /* LaunchScreen.xib */ = {
			isa = PBXVariantGroup;
			children = (
				BA88B6371B2233C9009EF1C3 /* Base */,
			);
			name = LaunchScreen.xib;
			sourceTree = "<group>";
		};
/* End PBXVariantGroup section */

/* Begin XCBuildConfiguration section */
		BA88B6451B2233C9009EF1C3 /* Debug */ = {
			isa = XCBuildConfiguration;
			buildSettings = {
				ALWAYS_SEARCH_USER_PATHS = NO;
				CLANG_CXX_LANGUAGE_STANDARD = "gnu++0x";
				CLANG_CXX_LIBRARY = "libc++";
				CLANG_ENABLE_MODULES = YES;
				CLANG_ENABLE_OBJC_ARC = YES;
				CLANG_WARN_BOOL_CONVERSION = YES;
				CLANG_WARN_CONSTANT_CONVERSION = YES;
				CLANG_WARN_DIRECT_OBJC_ISA_USAGE = YES_ERROR;
				CLANG_WARN_EMPTY_BODY = YES;
				CLANG_WARN_ENUM_CONVERSION = YES;
				CLANG_WARN_INT_CONVERSION = YES;
				CLANG_WARN_OBJC_ROOT_CLASS = YES_ERROR;
				CLANG_WARN_UNREACHABLE_CODE = YES;
				CLANG_WARN__DUPLICATE_METHOD_MATCH = YES;
				"CODE_SIGN_IDENTITY[sdk=iphoneos*]" = "iPhone Developer";
				COPY_PHASE_STRIP = NO;
				DEBUG_INFORMATION_FORMAT = "dwarf-with-dsym";
				ENABLE_STRICT_OBJC_MSGSEND = YES;
				ENABLE_TESTABILITY = YES;
				GCC_C_LANGUAGE_STANDARD = gnu99;
				GCC_DYNAMIC_NO_PIC = NO;
				GCC_NO_COMMON_BLOCKS = YES;
				GCC_OPTIMIZATION_LEVEL = 0;
				GCC_PREPROCESSOR_DEFINITIONS = (
					"DEBUG=1",
					"$(inherited)",
				);
				GCC_SYMBOLS_PRIVATE_EXTERN = NO;
				GCC_WARN_64_TO_32_BIT_CONVERSION = YES;
				GCC_WARN_ABOUT_RETURN_TYPE = YES_ERROR;
				GCC_WARN_UNDECLARED_SELECTOR = YES;
				GCC_WARN_UNINITIALIZED_AUTOS = YES_AGGRESSIVE;
				GCC_WARN_UNUSED_FUNCTION = YES;
				GCC_WARN_UNUSED_VARIABLE = YES;
				IPHONEOS_DEPLOYMENT_TARGET = 8.1;
				MTL_ENABLE_DEBUG_INFO = YES;
				ONLY_ACTIVE_ARCH = YES;
				SDKROOT = iphoneos;
				SWIFT_OPTIMIZATION_LEVEL = "-Onone";
				TARGETED_DEVICE_FAMILY = "1,2";
			};
			name = Debug;
		};
		BA88B6461B2233C9009EF1C3 /* Release */ = {
			isa = XCBuildConfiguration;
			buildSettings = {
				ALWAYS_SEARCH_USER_PATHS = NO;
				CLANG_CXX_LANGUAGE_STANDARD = "gnu++0x";
				CLANG_CXX_LIBRARY = "libc++";
				CLANG_ENABLE_MODULES = YES;
				CLANG_ENABLE_OBJC_ARC = YES;
				CLANG_WARN_BOOL_CONVERSION = YES;
				CLANG_WARN_CONSTANT_CONVERSION = YES;
				CLANG_WARN_DIRECT_OBJC_ISA_USAGE = YES_ERROR;
				CLANG_WARN_EMPTY_BODY = YES;
				CLANG_WARN_ENUM_CONVERSION = YES;
				CLANG_WARN_INT_CONVERSION = YES;
				CLANG_WARN_OBJC_ROOT_CLASS = YES_ERROR;
				CLANG_WARN_UNREACHABLE_CODE = YES;
				CLANG_WARN__DUPLICATE_METHOD_MATCH = YES;
				"CODE_SIGN_IDENTITY[sdk=iphoneos*]" = "iPhone Developer";
				COPY_PHASE_STRIP = NO;
				DEBUG_INFORMATION_FORMAT = "dwarf-with-dsym";
				ENABLE_NS_ASSERTIONS = NO;
				ENABLE_STRICT_OBJC_MSGSEND = YES;
				GCC_C_LANGUAGE_STANDARD = gnu99;
				GCC_NO_COMMON_BLOCKS = YES;
				GCC_WARN_64_TO_32_BIT_CONVERSION = YES;
				GCC_WARN_ABOUT_RETURN_TYPE = YES_ERROR;
				GCC_WARN_UNDECLARED_SELECTOR = YES;
				GCC_WARN_UNINITIALIZED_AUTOS = YES_AGGRESSIVE;
				GCC_WARN_UNUSED_FUNCTION = YES;
				GCC_WARN_UNUSED_VARIABLE = YES;
				IPHONEOS_DEPLOYMENT_TARGET = 8.1;
				MTL_ENABLE_DEBUG_INFO = NO;
				SDKROOT = iphoneos;
				TARGETED_DEVICE_FAMILY = "1,2";
				VALIDATE_PRODUCT = YES;
			};
			name = Release;
		};
		BA88B6481B2233C9009EF1C3 /* Debug */ = {
			isa = XCBuildConfiguration;
			buildSettings = {
				ASSETCATALOG_COMPILER_APPICON_NAME = AppIcon;
				ASSETCATALOG_COMPILER_LAUNCHIMAGE_NAME = LaunchImage;
				CODE_SIGN_IDENTITY = "iPhone Developer";
				ENABLE_BITCODE = YES;
				FRAMEWORK_SEARCH_PATHS = (
					"$(inherited)",
					"$(PROJECT_DIR)",
				);
				INFOPLIST_FILE = "Hummingbird Drag and Drop/Info.plist";
				IPHONEOS_DEPLOYMENT_TARGET = 8.1;
				LD_RUNPATH_SEARCH_PATHS = "$(inherited) @executable_path/Frameworks";
				LIBRARY_SEARCH_PATHS = (
					"$(inherited)",
					"$(PROJECT_DIR)",
				);
				PRODUCT_BUNDLE_IDENTIFIER = "com.BirdBrainTech.HB-Drag-and-Drop";
				PRODUCT_NAME = "Hummingbird Drag and Drop";
				SWIFT_INSTALL_OBJC_HEADER = YES;
				SWIFT_OBJC_BRIDGING_HEADER = "Hummingbird Drag and Drop/Header.h";
				TARGETED_DEVICE_FAMILY = "1,2";
			};
			name = Debug;
		};
		BA88B6491B2233C9009EF1C3 /* Release */ = {
			isa = XCBuildConfiguration;
			buildSettings = {
				ASSETCATALOG_COMPILER_APPICON_NAME = AppIcon;
				ASSETCATALOG_COMPILER_LAUNCHIMAGE_NAME = LaunchImage;
				CODE_SIGN_IDENTITY = "iPhone Developer";
				ENABLE_BITCODE = YES;
				FRAMEWORK_SEARCH_PATHS = (
					"$(inherited)",
					"$(PROJECT_DIR)",
				);
				INFOPLIST_FILE = "Hummingbird Drag and Drop/Info.plist";
				IPHONEOS_DEPLOYMENT_TARGET = 8.1;
				LD_RUNPATH_SEARCH_PATHS = "$(inherited) @executable_path/Frameworks";
				LIBRARY_SEARCH_PATHS = (
					"$(inherited)",
					"$(PROJECT_DIR)",
				);
				PRODUCT_BUNDLE_IDENTIFIER = "com.BirdBrainTech.HB-Drag-and-Drop";
				PRODUCT_NAME = "Hummingbird Drag and Drop";
				SWIFT_INSTALL_OBJC_HEADER = YES;
				SWIFT_OBJC_BRIDGING_HEADER = "Hummingbird Drag and Drop/Header.h";
				TARGETED_DEVICE_FAMILY = "1,2";
			};
			name = Release;
		};
/* End XCBuildConfiguration section */

/* Begin XCConfigurationList section */
		BA88B6231B2233C9009EF1C3 /* Build configuration list for PBXProject "Hummingbird Drag and Drop" */ = {
			isa = XCConfigurationList;
			buildConfigurations = (
				BA88B6451B2233C9009EF1C3 /* Debug */,
				BA88B6461B2233C9009EF1C3 /* Release */,
			);
			defaultConfigurationIsVisible = 0;
			defaultConfigurationName = Release;
		};
		BA88B6471B2233C9009EF1C3 /* Build configuration list for PBXNativeTarget "Hummingbird Drag and Drop" */ = {
			isa = XCConfigurationList;
			buildConfigurations = (
				BA88B6481B2233C9009EF1C3 /* Debug */,
				BA88B6491B2233C9009EF1C3 /* Release */,
			);
			defaultConfigurationIsVisible = 0;
			defaultConfigurationName = Release;
		};
/* End XCConfigurationList section */
	};
	rootObject = BA88B6201B2233C9009EF1C3 /* Project object */;
}
