// !$*UTF8*$!
{
	archiveVersion = 1;
	classes = {
	};
	objectVersion = 46;
	objects = {

/* Begin PBXBuildFile section */
		BA27E2951B3C822300A0DF58 /* BluetoothDiscovery.swift in Sources */ = {isa = PBXBuildFile; fileRef = BA27E2911B3C822300A0DF58 /* BluetoothDiscovery.swift */; };
		BA27E2961B3C822300A0DF58 /* BluetoothService.swift in Sources */ = {isa = PBXBuildFile; fileRef = BA27E2921B3C822300A0DF58 /* BluetoothService.swift */; };
		BA27E2971B3C822300A0DF58 /* HummingbirdServices.swift in Sources */ = {isa = PBXBuildFile; fileRef = BA27E2931B3C822300A0DF58 /* HummingbirdServices.swift */; };
		BA27E2981B3C822300A0DF58 /* Utility.swift in Sources */ = {isa = PBXBuildFile; fileRef = BA27E2941B3C822300A0DF58 /* Utility.swift */; };
		BA9252011B1CBC0B0027D491 /* ConnectionViewController.swift in Sources */ = {isa = PBXBuildFile; fileRef = BA9252001B1CBC0B0027D491 /* ConnectionViewController.swift */; };
		BA94943E1B1758C40035677D /* AppDelegate.swift in Sources */ = {isa = PBXBuildFile; fileRef = BA94943D1B1758C40035677D /* AppDelegate.swift */; };
		BA9494401B1758C40035677D /* MainViewController.swift in Sources */ = {isa = PBXBuildFile; fileRef = BA94943F1B1758C40035677D /* MainViewController.swift */; };
		BA9494431B1758C40035677D /* Main.storyboard in Resources */ = {isa = PBXBuildFile; fileRef = BA9494411B1758C40035677D /* Main.storyboard */; };
		BA9494481B1758C40035677D /* LaunchScreen.xib in Resources */ = {isa = PBXBuildFile; fileRef = BA9494461B1758C40035677D /* LaunchScreen.xib */; };
		BA97A5661B34967D004DCD51 /* Images.xcassets in Resources */ = {isa = PBXBuildFile; fileRef = BA97A5651B34967D004DCD51 /* Images.xcassets */; };
/* End PBXBuildFile section */

/* Begin PBXCopyFilesBuildPhase section */
		BA8589331B30A6580046EB16 /* Embed Frameworks */ = {
			isa = PBXCopyFilesBuildPhase;
			buildActionMask = 12;
			dstPath = "";
			dstSubfolderSpec = 10;
			files = (
			);
			name = "Embed Frameworks";
			runOnlyForDeploymentPostprocessing = 0;
		};
/* End PBXCopyFilesBuildPhase section */

/* Begin PBXFileReference section */
		BA27E2911B3C822300A0DF58 /* BluetoothDiscovery.swift */ = {isa = PBXFileReference; fileEncoding = 4; lastKnownFileType = sourcecode.swift; path = BluetoothDiscovery.swift; sourceTree = "<group>"; };
		BA27E2921B3C822300A0DF58 /* BluetoothService.swift */ = {isa = PBXFileReference; fileEncoding = 4; lastKnownFileType = sourcecode.swift; path = BluetoothService.swift; sourceTree = "<group>"; };
		BA27E2931B3C822300A0DF58 /* HummingbirdServices.swift */ = {isa = PBXFileReference; fileEncoding = 4; lastKnownFileType = sourcecode.swift; path = HummingbirdServices.swift; sourceTree = "<group>"; };
		BA27E2941B3C822300A0DF58 /* Utility.swift */ = {isa = PBXFileReference; fileEncoding = 4; lastKnownFileType = sourcecode.swift; path = Utility.swift; sourceTree = "<group>"; };
		BA9252001B1CBC0B0027D491 /* ConnectionViewController.swift */ = {isa = PBXFileReference; fileEncoding = 4; lastKnownFileType = sourcecode.swift; path = ConnectionViewController.swift; sourceTree = "<group>"; };
		BA9494381B1758C40035677D /* HummingbirdLibraryTest.app */ = {isa = PBXFileReference; explicitFileType = wrapper.application; includeInIndex = 0; path = HummingbirdLibraryTest.app; sourceTree = BUILT_PRODUCTS_DIR; };
		BA94943C1B1758C40035677D /* Info.plist */ = {isa = PBXFileReference; lastKnownFileType = text.plist.xml; path = Info.plist; sourceTree = "<group>"; };
		BA94943D1B1758C40035677D /* AppDelegate.swift */ = {isa = PBXFileReference; lastKnownFileType = sourcecode.swift; path = AppDelegate.swift; sourceTree = "<group>"; };
		BA94943F1B1758C40035677D /* MainViewController.swift */ = {isa = PBXFileReference; lastKnownFileType = sourcecode.swift; path = MainViewController.swift; sourceTree = "<group>"; };
		BA9494421B1758C40035677D /* Base */ = {isa = PBXFileReference; lastKnownFileType = file.storyboard; name = Base; path = Base.lproj/Main.storyboard; sourceTree = "<group>"; };
		BA9494471B1758C40035677D /* Base */ = {isa = PBXFileReference; lastKnownFileType = file.xib; name = Base; path = Base.lproj/LaunchScreen.xib; sourceTree = "<group>"; };
		BA97A5651B34967D004DCD51 /* Images.xcassets */ = {isa = PBXFileReference; lastKnownFileType = folder.assetcatalog; path = Images.xcassets; sourceTree = "<group>"; };
/* End PBXFileReference section */

/* Begin PBXFrameworksBuildPhase section */
		BA9494351B1758C40035677D /* Frameworks */ = {
			isa = PBXFrameworksBuildPhase;
			buildActionMask = 2147483647;
			files = (
			);
			runOnlyForDeploymentPostprocessing = 0;
		};
/* End PBXFrameworksBuildPhase section */

/* Begin PBXGroup section */
		BA94942F1B1758C40035677D = {
			isa = PBXGroup;
			children = (
				BA94943A1B1758C40035677D /* HummingbirdLibraryTest */,
				BA9494391B1758C40035677D /* Products */,
			);
			sourceTree = "<group>";
		};
		BA9494391B1758C40035677D /* Products */ = {
			isa = PBXGroup;
			children = (
				BA9494381B1758C40035677D /* HummingbirdLibraryTest.app */,
			);
			name = Products;
			sourceTree = "<group>";
		};
		BA94943A1B1758C40035677D /* HummingbirdLibraryTest */ = {
			isa = PBXGroup;
			children = (
				BA27E2911B3C822300A0DF58 /* BluetoothDiscovery.swift */,
				BA27E2921B3C822300A0DF58 /* BluetoothService.swift */,
				BA27E2931B3C822300A0DF58 /* HummingbirdServices.swift */,
				BA27E2941B3C822300A0DF58 /* Utility.swift */,
				BA94943D1B1758C40035677D /* AppDelegate.swift */,
				BA94943F1B1758C40035677D /* MainViewController.swift */,
				BA9252001B1CBC0B0027D491 /* ConnectionViewController.swift */,
				BA9494411B1758C40035677D /* Main.storyboard */,
				BA9494461B1758C40035677D /* LaunchScreen.xib */,
				BA97A5651B34967D004DCD51 /* Images.xcassets */,
				BA94943B1B1758C40035677D /* Supporting Files */,
			);
			path = HummingbirdLibraryTest;
			sourceTree = "<group>";
		};
		BA94943B1B1758C40035677D /* Supporting Files */ = {
			isa = PBXGroup;
			children = (
				BA94943C1B1758C40035677D /* Info.plist */,
			);
			name = "Supporting Files";
			sourceTree = "<group>";
		};
/* End PBXGroup section */

/* Begin PBXNativeTarget section */
		BA9494371B1758C40035677D /* HummingbirdLibraryTest */ = {
			isa = PBXNativeTarget;
			buildConfigurationList = BA9494571B1758C40035677D /* Build configuration list for PBXNativeTarget "HummingbirdLibraryTest" */;
			buildPhases = (
				BA9494341B1758C40035677D /* Sources */,
				BA9494351B1758C40035677D /* Frameworks */,
				BA9494361B1758C40035677D /* Resources */,
				BA8589331B30A6580046EB16 /* Embed Frameworks */,
			);
			buildRules = (
			);
			dependencies = (
			);
			name = HummingbirdLibraryTest;
			productName = HummingbirdLibraryTest;
			productReference = BA9494381B1758C40035677D /* HummingbirdLibraryTest.app */;
			productType = "com.apple.product-type.application";
		};
/* End PBXNativeTarget section */

/* Begin PBXProject section */
		BA9494301B1758C40035677D /* Project object */ = {
			isa = PBXProject;
			attributes = {
				LastSwiftUpdateCheck = 0700;
				LastUpgradeCheck = 0700;
				ORGANIZATIONNAME = "Birdbrain Technologies LLC.";
				TargetAttributes = {
					BA9494371B1758C40035677D = {
						CreatedOnToolsVersion = 6.3.2;
						DevelopmentTeam = N6XC9HC8PB;
					};
				};
			};
			buildConfigurationList = BA9494331B1758C40035677D /* Build configuration list for PBXProject "HummingbirdLibraryTest" */;
			compatibilityVersion = "Xcode 3.2";
			developmentRegion = English;
			hasScannedForEncodings = 0;
			knownRegions = (
				en,
				Base,
			);
			mainGroup = BA94942F1B1758C40035677D;
			productRefGroup = BA9494391B1758C40035677D /* Products */;
			projectDirPath = "";
			projectRoot = "";
			targets = (
				BA9494371B1758C40035677D /* HummingbirdLibraryTest */,
			);
		};
/* End PBXProject section */

/* Begin PBXResourcesBuildPhase section */
		BA9494361B1758C40035677D /* Resources */ = {
			isa = PBXResourcesBuildPhase;
			buildActionMask = 2147483647;
			files = (
				BA9494431B1758C40035677D /* Main.storyboard in Resources */,
				BA97A5661B34967D004DCD51 /* Images.xcassets in Resources */,
				BA9494481B1758C40035677D /* LaunchScreen.xib in Resources */,
			);
			runOnlyForDeploymentPostprocessing = 0;
		};
/* End PBXResourcesBuildPhase section */

/* Begin PBXSourcesBuildPhase section */
		BA9494341B1758C40035677D /* Sources */ = {
			isa = PBXSourcesBuildPhase;
			buildActionMask = 2147483647;
			files = (
				BA27E2981B3C822300A0DF58 /* Utility.swift in Sources */,
				BA9494401B1758C40035677D /* MainViewController.swift in Sources */,
				BA27E2951B3C822300A0DF58 /* BluetoothDiscovery.swift in Sources */,
				BA94943E1B1758C40035677D /* AppDelegate.swift in Sources */,
				BA9252011B1CBC0B0027D491 /* ConnectionViewController.swift in Sources */,
				BA27E2971B3C822300A0DF58 /* HummingbirdServices.swift in Sources */,
				BA27E2961B3C822300A0DF58 /* BluetoothService.swift in Sources */,
			);
			runOnlyForDeploymentPostprocessing = 0;
		};
/* End PBXSourcesBuildPhase section */

/* Begin PBXVariantGroup section */
		BA9494411B1758C40035677D /* Main.storyboard */ = {
			isa = PBXVariantGroup;
			children = (
				BA9494421B1758C40035677D /* Base */,
			);
			name = Main.storyboard;
			sourceTree = "<group>";
		};
		BA9494461B1758C40035677D /* LaunchScreen.xib */ = {
			isa = PBXVariantGroup;
			children = (
				BA9494471B1758C40035677D /* Base */,
			);
			name = LaunchScreen.xib;
			sourceTree = "<group>";
		};
/* End PBXVariantGroup section */

/* Begin XCBuildConfiguration section */
		BA9494551B1758C40035677D /* Debug */ = {
			isa = XCBuildConfiguration;
			buildSettings = {
				ALWAYS_SEARCH_USER_PATHS = YES;
				CLANG_CXX_LANGUAGE_STANDARD = "gnu++0x";
				CLANG_CXX_LIBRARY = "libc++";
				CLANG_ENABLE_MODULES = YES;
				CLANG_ENABLE_OBJC_ARC = YES;
				CLANG_WARN_BOOL_CONVERSION = YES;
				CLANG_WARN_CONSTANT_CONVERSION = YES;
				CLANG_WARN_DIRECT_OBJC_ISA_USAGE = YES_ERROR;
				CLANG_WARN_EMPTY_BODY = YES;
				CLANG_WARN_ENUM_CONVERSION = YES;
				CLANG_WARN_INT_CONVERSION = YES;
				CLANG_WARN_OBJC_ROOT_CLASS = YES_ERROR;
				CLANG_WARN_UNREACHABLE_CODE = YES;
				CLANG_WARN__DUPLICATE_METHOD_MATCH = YES;
				CODE_SIGN_IDENTITY = "iPhone Developer";
				"CODE_SIGN_IDENTITY[sdk=iphoneos*]" = "iPhone Developer";
				COPY_PHASE_STRIP = NO;
				DEBUG_INFORMATION_FORMAT = "dwarf-with-dsym";
				ENABLE_STRICT_OBJC_MSGSEND = YES;
				ENABLE_TESTABILITY = YES;
				FRAMEWORK_SEARCH_PATHS = (
					"$(inherited)",
					"$(PROJECT_DIR)",
				);
				GCC_C_LANGUAGE_STANDARD = gnu99;
				GCC_DYNAMIC_NO_PIC = NO;
				GCC_NO_COMMON_BLOCKS = YES;
				GCC_OPTIMIZATION_LEVEL = 0;
				GCC_PREPROCESSOR_DEFINITIONS = (
					"DEBUG=1",
					"$(inherited)",
				);
				GCC_SYMBOLS_PRIVATE_EXTERN = NO;
				GCC_WARN_64_TO_32_BIT_CONVERSION = YES;
				GCC_WARN_ABOUT_RETURN_TYPE = YES_ERROR;
				GCC_WARN_UNDECLARED_SELECTOR = YES;
				GCC_WARN_UNINITIALIZED_AUTOS = YES_AGGRESSIVE;
				GCC_WARN_UNUSED_FUNCTION = YES;
				GCC_WARN_UNUSED_VARIABLE = YES;
				IPHONEOS_DEPLOYMENT_TARGET = 8.1;
				MTL_ENABLE_DEBUG_INFO = YES;
				ONLY_ACTIVE_ARCH = YES;
				SDKROOT = iphoneos;
				SWIFT_INSTALL_OBJC_HEADER = NO;
				SWIFT_OBJC_INTERFACE_HEADER_NAME = "";
				SWIFT_OPTIMIZATION_LEVEL = "-Onone";
				TARGETED_DEVICE_FAMILY = "1,2";
			};
			name = Debug;
		};
		BA9494561B1758C40035677D /* Release */ = {
			isa = XCBuildConfiguration;
			buildSettings = {
				ALWAYS_SEARCH_USER_PATHS = YES;
				CLANG_CXX_LANGUAGE_STANDARD = "gnu++0x";
				CLANG_CXX_LIBRARY = "libc++";
				CLANG_ENABLE_MODULES = YES;
				CLANG_ENABLE_OBJC_ARC = YES;
				CLANG_WARN_BOOL_CONVERSION = YES;
				CLANG_WARN_CONSTANT_CONVERSION = YES;
				CLANG_WARN_DIRECT_OBJC_ISA_USAGE = YES_ERROR;
				CLANG_WARN_EMPTY_BODY = YES;
				CLANG_WARN_ENUM_CONVERSION = YES;
				CLANG_WARN_INT_CONVERSION = YES;
				CLANG_WARN_OBJC_ROOT_CLASS = YES_ERROR;
				CLANG_WARN_UNREACHABLE_CODE = YES;
				CLANG_WARN__DUPLICATE_METHOD_MATCH = YES;
				CODE_SIGN_IDENTITY = "iPhone Developer";
				"CODE_SIGN_IDENTITY[sdk=iphoneos*]" = "iPhone Developer";
				COPY_PHASE_STRIP = NO;
				DEBUG_INFORMATION_FORMAT = "dwarf-with-dsym";
				ENABLE_NS_ASSERTIONS = NO;
				ENABLE_STRICT_OBJC_MSGSEND = YES;
				FRAMEWORK_SEARCH_PATHS = (
					"$(inherited)",
					"$(PROJECT_DIR)",
				);
				"FRAMEWORK_SEARCH_PATHS[arch=*]" = "$(USER_LIBRARY_DIR)/Developer/Xcode/DerivedData/HummingbirdLibrary-dgsakmhhffmucfbwdyjnjehkkpgr/Build/Products/Debug-iphoneos";
				GCC_C_LANGUAGE_STANDARD = gnu99;
				GCC_NO_COMMON_BLOCKS = YES;
				GCC_WARN_64_TO_32_BIT_CONVERSION = YES;
				GCC_WARN_ABOUT_RETURN_TYPE = YES_ERROR;
				GCC_WARN_UNDECLARED_SELECTOR = YES;
				GCC_WARN_UNINITIALIZED_AUTOS = YES_AGGRESSIVE;
				GCC_WARN_UNUSED_FUNCTION = YES;
				GCC_WARN_UNUSED_VARIABLE = YES;
				IPHONEOS_DEPLOYMENT_TARGET = 8.1;
				MTL_ENABLE_DEBUG_INFO = NO;
				SDKROOT = iphoneos;
				SWIFT_INSTALL_OBJC_HEADER = NO;
				SWIFT_OBJC_INTERFACE_HEADER_NAME = "";
				TARGETED_DEVICE_FAMILY = "1,2";
				VALIDATE_PRODUCT = YES;
			};
			name = Release;
		};
		BA9494581B1758C40035677D /* Debug */ = {
			isa = XCBuildConfiguration;
			buildSettings = {
				ALWAYS_SEARCH_USER_PATHS = NO;
				ASSETCATALOG_COMPILER_APPICON_NAME = AppIcon;
				ASSETCATALOG_COMPILER_LAUNCHIMAGE_NAME = LaunchImage;
				CODE_SIGN_IDENTITY = "iPhone Developer";
				FRAMEWORK_SEARCH_PATHS = (
					"$(inherited)",
					"$(PROJECT_DIR)",
				);
				HEADER_SEARCH_PATHS = (
					"$(inherited)",
					/Applications/Xcode.app/Contents/Developer/Toolchains/XcodeDefault.xctoolchain/usr/include,
					"$(PROJECT_DIR)/HummingbirdLibrary.framework/Headers",
				);
				INFOPLIST_FILE = HummingbirdLibraryTest/Info.plist;
				IPHONEOS_DEPLOYMENT_TARGET = 8.1;
				LD_RUNPATH_SEARCH_PATHS = "$(inherited) @executable_path/Frameworks";
				MACH_O_TYPE = mh_execute;
				PRODUCT_BUNDLE_IDENTIFIER = com.BirdBrainTech.demo;
				PRODUCT_NAME = "$(TARGET_NAME)";
				SWIFT_INSTALL_OBJC_HEADER = NO;
				SWIFT_OBJC_INTERFACE_HEADER_NAME = "";
				TARGETED_DEVICE_FAMILY = "1,2";
				VALID_ARCHS = "arm64 armv7 armv7s i386 x86_64";
			};
			name = Debug;
		};
		BA9494591B1758C40035677D /* Release */ = {
			isa = XCBuildConfiguration;
			buildSettings = {
				ALWAYS_SEARCH_USER_PATHS = NO;
				ASSETCATALOG_COMPILER_APPICON_NAME = AppIcon;
				ASSETCATALOG_COMPILER_LAUNCHIMAGE_NAME = LaunchImage;
				CODE_SIGN_IDENTITY = "iPhone Developer";
				FRAMEWORK_SEARCH_PATHS = (
					"$(inherited)",
					"$(PROJECT_DIR)",
				);
				"FRAMEWORK_SEARCH_PATHS[arch=*]" = "";
				HEADER_SEARCH_PATHS = (
					"$(inherited)",
					/Applications/Xcode.app/Contents/Developer/Toolchains/XcodeDefault.xctoolchain/usr/include,
					"$(PROJECT_DIR)/HummingbirdLibrary.framework/Headers",
				);
				INFOPLIST_FILE = HummingbirdLibraryTest/Info.plist;
				IPHONEOS_DEPLOYMENT_TARGET = 8.1;
				LD_RUNPATH_SEARCH_PATHS = "$(inherited) @executable_path/Frameworks";
				MACH_O_TYPE = mh_execute;
				ONLY_ACTIVE_ARCH = YES;
				PRODUCT_BUNDLE_IDENTIFIER = com.BirdBrainTech.demo;
				PRODUCT_NAME = "$(TARGET_NAME)";
				SWIFT_INSTALL_OBJC_HEADER = NO;
				SWIFT_OBJC_INTERFACE_HEADER_NAME = "";
				TARGETED_DEVICE_FAMILY = "1,2";
				VALID_ARCHS = "arm64 armv7 armv7s i386 x86_64";
			};
			name = Release;
		};
/* End XCBuildConfiguration section */

/* Begin XCConfigurationList section */
		BA9494331B1758C40035677D /* Build configuration list for PBXProject "HummingbirdLibraryTest" */ = {
			isa = XCConfigurationList;
			buildConfigurations = (
				BA9494551B1758C40035677D /* Debug */,
				BA9494561B1758C40035677D /* Release */,
			);
			defaultConfigurationIsVisible = 0;
			defaultConfigurationName = Release;
		};
		BA9494571B1758C40035677D /* Build configuration list for PBXNativeTarget "HummingbirdLibraryTest" */ = {
			isa = XCConfigurationList;
			buildConfigurations = (
				BA9494581B1758C40035677D /* Debug */,
				BA9494591B1758C40035677D /* Release */,
			);
			defaultConfigurationIsVisible = 0;
			defaultConfigurationName = Release;
		};
/* End XCConfigurationList section */
	};
	rootObject = BA9494301B1758C40035677D /* Project object */;
}
